// !$*UTF8*$!
{
	archiveVersion = 1;
	classes = {
	};
	objectVersion = 46;
	objects = {

/* Begin PBXBuildFile section */
		FD4103F716B3F19D001E92C4 /* UIKit.framework in Frameworks */ = {isa = PBXBuildFile; fileRef = FD4103F616B3F19D001E92C4 /* UIKit.framework */; };
		FD4103F916B3F19D001E92C4 /* Foundation.framework in Frameworks */ = {isa = PBXBuildFile; fileRef = FD4103F816B3F19D001E92C4 /* Foundation.framework */; };
		FD4103FB16B3F19D001E92C4 /* CoreGraphics.framework in Frameworks */ = {isa = PBXBuildFile; fileRef = FD4103FA16B3F19D001E92C4 /* CoreGraphics.framework */; };
		FD41040116B3F19D001E92C4 /* InfoPlist.strings in Resources */ = {isa = PBXBuildFile; fileRef = FD4103FF16B3F19D001E92C4 /* InfoPlist.strings */; };
		FD41040316B3F19D001E92C4 /* main.m in Sources */ = {isa = PBXBuildFile; fileRef = FD41040216B3F19D001E92C4 /* main.m */; };
		FD41040716B3F19D001E92C4 /* AppDelegate.m in Sources */ = {isa = PBXBuildFile; fileRef = FD41040616B3F19D001E92C4 /* AppDelegate.m */; };
		FD41040916B3F19D001E92C4 /* Default.png in Resources */ = {isa = PBXBuildFile; fileRef = FD41040816B3F19D001E92C4 /* Default.png */; };
		FD41040B16B3F19D001E92C4 /* Default@2x.png in Resources */ = {isa = PBXBuildFile; fileRef = FD41040A16B3F19D001E92C4 /* Default@2x.png */; };
		FD41040D16B3F19D001E92C4 /* Default-568h@2x.png in Resources */ = {isa = PBXBuildFile; fileRef = FD41040C16B3F19D001E92C4 /* Default-568h@2x.png */; };
		FD41041016B3F19E001E92C4 /* MainStoryboard.storyboard in Resources */ = {isa = PBXBuildFile; fileRef = FD41040E16B3F19E001E92C4 /* MainStoryboard.storyboard */; };
		FD41041316B3F19E001E92C4 /* FirstViewController.m in Sources */ = {isa = PBXBuildFile; fileRef = FD41041216B3F19E001E92C4 /* FirstViewController.m */; };
		FD41041516B3F19E001E92C4 /* first.png in Resources */ = {isa = PBXBuildFile; fileRef = FD41041416B3F19E001E92C4 /* first.png */; };
		FD41041716B3F19E001E92C4 /* first@2x.png in Resources */ = {isa = PBXBuildFile; fileRef = FD41041616B3F19E001E92C4 /* first@2x.png */; };
		FD41041A16B3F19E001E92C4 /* SecondViewController.m in Sources */ = {isa = PBXBuildFile; fileRef = FD41041916B3F19E001E92C4 /* SecondViewController.m */; };
		FD41041C16B3F19E001E92C4 /* second.png in Resources */ = {isa = PBXBuildFile; fileRef = FD41041B16B3F19E001E92C4 /* second.png */; };
		FD41041E16B3F19E001E92C4 /* second@2x.png in Resources */ = {isa = PBXBuildFile; fileRef = FD41041D16B3F19E001E92C4 /* second@2x.png */; };
		FD41042716B3F494001E92C4 /* 10-medical.png in Resources */ = {isa = PBXBuildFile; fileRef = FD41042516B3F494001E92C4 /* 10-medical.png */; };
		FD41042816B3F494001E92C4 /* 10-medical@2x.png in Resources */ = {isa = PBXBuildFile; fileRef = FD41042616B3F494001E92C4 /* 10-medical@2x.png */; };
		FD41042B16B3F592001E92C4 /* 14-tag.png in Resources */ = {isa = PBXBuildFile; fileRef = FD41042916B3F592001E92C4 /* 14-tag.png */; };
		FD41042C16B3F592001E92C4 /* 14-tag@2x.png in Resources */ = {isa = PBXBuildFile; fileRef = FD41042A16B3F592001E92C4 /* 14-tag@2x.png */; };
		FD41042F16B3F62A001E92C4 /* 16-line-chart.png in Resources */ = {isa = PBXBuildFile; fileRef = FD41042D16B3F62A001E92C4 /* 16-line-chart.png */; };
		FD41043016B3F62A001E92C4 /* 16-line-chart@2x.png in Resources */ = {isa = PBXBuildFile; fileRef = FD41042E16B3F62A001E92C4 /* 16-line-chart@2x.png */; };
/* End PBXBuildFile section */

/* Begin PBXFileReference section */
		FD4103F216B3F19D001E92C4 /* ProcedureLog.app */ = {isa = PBXFileReference; explicitFileType = wrapper.application; includeInIndex = 0; path = ProcedureLog.app; sourceTree = BUILT_PRODUCTS_DIR; };
		FD4103F616B3F19D001E92C4 /* UIKit.framework */ = {isa = PBXFileReference; lastKnownFileType = wrapper.framework; name = UIKit.framework; path = System/Library/Frameworks/UIKit.framework; sourceTree = SDKROOT; };
		FD4103F816B3F19D001E92C4 /* Foundation.framework */ = {isa = PBXFileReference; lastKnownFileType = wrapper.framework; name = Foundation.framework; path = System/Library/Frameworks/Foundation.framework; sourceTree = SDKROOT; };
		FD4103FA16B3F19D001E92C4 /* CoreGraphics.framework */ = {isa = PBXFileReference; lastKnownFileType = wrapper.framework; name = CoreGraphics.framework; path = System/Library/Frameworks/CoreGraphics.framework; sourceTree = SDKROOT; };
		FD4103FE16B3F19D001E92C4 /* ProcedureLog-Info.plist */ = {isa = PBXFileReference; lastKnownFileType = text.plist.xml; path = "ProcedureLog-Info.plist"; sourceTree = "<group>"; };
		FD41040016B3F19D001E92C4 /* en */ = {isa = PBXFileReference; lastKnownFileType = text.plist.strings; name = en; path = en.lproj/InfoPlist.strings; sourceTree = "<group>"; };
		FD41040216B3F19D001E92C4 /* main.m */ = {isa = PBXFileReference; lastKnownFileType = sourcecode.c.objc; path = main.m; sourceTree = "<group>"; };
		FD41040416B3F19D001E92C4 /* ProcedureLog-Prefix.pch */ = {isa = PBXFileReference; lastKnownFileType = sourcecode.c.h; path = "ProcedureLog-Prefix.pch"; sourceTree = "<group>"; };
		FD41040516B3F19D001E92C4 /* AppDelegate.h */ = {isa = PBXFileReference; lastKnownFileType = sourcecode.c.h; path = AppDelegate.h; sourceTree = "<group>"; };
		FD41040616B3F19D001E92C4 /* AppDelegate.m */ = {isa = PBXFileReference; lastKnownFileType = sourcecode.c.objc; path = AppDelegate.m; sourceTree = "<group>"; };
		FD41040816B3F19D001E92C4 /* Default.png */ = {isa = PBXFileReference; lastKnownFileType = image.png; path = Default.png; sourceTree = "<group>"; };
		FD41040A16B3F19D001E92C4 /* Default@2x.png */ = {isa = PBXFileReference; lastKnownFileType = image.png; path = "Default@2x.png"; sourceTree = "<group>"; };
		FD41040C16B3F19D001E92C4 /* Default-568h@2x.png */ = {isa = PBXFileReference; lastKnownFileType = image.png; path = "Default-568h@2x.png"; sourceTree = "<group>"; };
		FD41040F16B3F19E001E92C4 /* en */ = {isa = PBXFileReference; lastKnownFileType = file.storyboard; name = en; path = en.lproj/MainStoryboard.storyboard; sourceTree = "<group>"; };
		FD41041116B3F19E001E92C4 /* FirstViewController.h */ = {isa = PBXFileReference; lastKnownFileType = sourcecode.c.h; path = FirstViewController.h; sourceTree = "<group>"; };
		FD41041216B3F19E001E92C4 /* FirstViewController.m */ = {isa = PBXFileReference; lastKnownFileType = sourcecode.c.objc; path = FirstViewController.m; sourceTree = "<group>"; };
		FD41041416B3F19E001E92C4 /* first.png */ = {isa = PBXFileReference; lastKnownFileType = image.png; path = first.png; sourceTree = "<group>"; };
		FD41041616B3F19E001E92C4 /* first@2x.png */ = {isa = PBXFileReference; lastKnownFileType = image.png; path = "first@2x.png"; sourceTree = "<group>"; };
		FD41041816B3F19E001E92C4 /* SecondViewController.h */ = {isa = PBXFileReference; lastKnownFileType = sourcecode.c.h; path = SecondViewController.h; sourceTree = "<group>"; };
		FD41041916B3F19E001E92C4 /* SecondViewController.m */ = {isa = PBXFileReference; lastKnownFileType = sourcecode.c.objc; path = SecondViewController.m; sourceTree = "<group>"; };
		FD41041B16B3F19E001E92C4 /* second.png */ = {isa = PBXFileReference; lastKnownFileType = image.png; path = second.png; sourceTree = "<group>"; };
		FD41041D16B3F19E001E92C4 /* second@2x.png */ = {isa = PBXFileReference; lastKnownFileType = image.png; path = "second@2x.png"; sourceTree = "<group>"; };
		FD41042516B3F494001E92C4 /* 10-medical.png */ = {isa = PBXFileReference; lastKnownFileType = image.png; path = "10-medical.png"; sourceTree = "<group>"; };
		FD41042616B3F494001E92C4 /* 10-medical@2x.png */ = {isa = PBXFileReference; lastKnownFileType = image.png; path = "10-medical@2x.png"; sourceTree = "<group>"; };
		FD41042916B3F592001E92C4 /* 14-tag.png */ = {isa = PBXFileReference; lastKnownFileType = image.png; path = "14-tag.png"; sourceTree = "<group>"; };
		FD41042A16B3F592001E92C4 /* 14-tag@2x.png */ = {isa = PBXFileReference; lastKnownFileType = image.png; path = "14-tag@2x.png"; sourceTree = "<group>"; };
		FD41042D16B3F62A001E92C4 /* 16-line-chart.png */ = {isa = PBXFileReference; lastKnownFileType = image.png; path = "16-line-chart.png"; sourceTree = "<group>"; };
		FD41042E16B3F62A001E92C4 /* 16-line-chart@2x.png */ = {isa = PBXFileReference; lastKnownFileType = image.png; path = "16-line-chart@2x.png"; sourceTree = "<group>"; };
/* End PBXFileReference section */

/* Begin PBXFrameworksBuildPhase section */
		FD4103EF16B3F19D001E92C4 /* Frameworks */ = {
			isa = PBXFrameworksBuildPhase;
			buildActionMask = 2147483647;
			files = (
				FD4103F716B3F19D001E92C4 /* UIKit.framework in Frameworks */,
				FD4103F916B3F19D001E92C4 /* Foundation.framework in Frameworks */,
				FD4103FB16B3F19D001E92C4 /* CoreGraphics.framework in Frameworks */,
			);
			runOnlyForDeploymentPostprocessing = 0;
		};
/* End PBXFrameworksBuildPhase section */

/* Begin PBXGroup section */
		FD4103E716B3F19D001E92C4 = {
			isa = PBXGroup;
			children = (
				FD4103FC16B3F19D001E92C4 /* ProcedureLog */,
				FD4103F516B3F19D001E92C4 /* Frameworks */,
				FD4103F316B3F19D001E92C4 /* Products */,
			);
			sourceTree = "<group>";
		};
		FD4103F316B3F19D001E92C4 /* Products */ = {
			isa = PBXGroup;
			children = (
				FD4103F216B3F19D001E92C4 /* ProcedureLog.app */,
			);
			name = Products;
			sourceTree = "<group>";
		};
		FD4103F516B3F19D001E92C4 /* Frameworks */ = {
			isa = PBXGroup;
			children = (
				FD4103F616B3F19D001E92C4 /* UIKit.framework */,
				FD4103F816B3F19D001E92C4 /* Foundation.framework */,
				FD4103FA16B3F19D001E92C4 /* CoreGraphics.framework */,
			);
			name = Frameworks;
			sourceTree = "<group>";
		};
		FD4103FC16B3F19D001E92C4 /* ProcedureLog */ = {
			isa = PBXGroup;
			children = (
				FD41042416B3F48A001E92C4 /* Resources */,
				FD41040516B3F19D001E92C4 /* AppDelegate.h */,
				FD41040616B3F19D001E92C4 /* AppDelegate.m */,
				FD41040E16B3F19E001E92C4 /* MainStoryboard.storyboard */,
				FD41041116B3F19E001E92C4 /* FirstViewController.h */,
				FD41041216B3F19E001E92C4 /* FirstViewController.m */,
				FD41041416B3F19E001E92C4 /* first.png */,
				FD41041616B3F19E001E92C4 /* first@2x.png */,
				FD41041816B3F19E001E92C4 /* SecondViewController.h */,
				FD41041916B3F19E001E92C4 /* SecondViewController.m */,
				FD41041B16B3F19E001E92C4 /* second.png */,
				FD41041D16B3F19E001E92C4 /* second@2x.png */,
				FD4103FD16B3F19D001E92C4 /* Supporting Files */,
			);
			path = ProcedureLog;
			sourceTree = "<group>";
		};
		FD4103FD16B3F19D001E92C4 /* Supporting Files */ = {
			isa = PBXGroup;
			children = (
				FD4103FE16B3F19D001E92C4 /* ProcedureLog-Info.plist */,
				FD4103FF16B3F19D001E92C4 /* InfoPlist.strings */,
				FD41040216B3F19D001E92C4 /* main.m */,
				FD41040416B3F19D001E92C4 /* ProcedureLog-Prefix.pch */,
				FD41040816B3F19D001E92C4 /* Default.png */,
				FD41040A16B3F19D001E92C4 /* Default@2x.png */,
				FD41040C16B3F19D001E92C4 /* Default-568h@2x.png */,
			);
			name = "Supporting Files";
			sourceTree = "<group>";
		};
		FD41042416B3F48A001E92C4 /* Resources */ = {
			isa = PBXGroup;
			children = (
				FD41042916B3F592001E92C4 /* 14-tag.png */,
				FD41042A16B3F592001E92C4 /* 14-tag@2x.png */,
				FD41042516B3F494001E92C4 /* 10-medical.png */,
				FD41042616B3F494001E92C4 /* 10-medical@2x.png */,
				FD41042D16B3F62A001E92C4 /* 16-line-chart.png */,
				FD41042E16B3F62A001E92C4 /* 16-line-chart@2x.png */,
			);
			name = Resources;
			sourceTree = "<group>";
		};
/* End PBXGroup section */

/* Begin PBXNativeTarget section */
		FD4103F116B3F19D001E92C4 /* ProcedureLog */ = {
			isa = PBXNativeTarget;
			buildConfigurationList = FD41042116B3F19E001E92C4 /* Build configuration list for PBXNativeTarget "ProcedureLog" */;
			buildPhases = (
				FD4103EE16B3F19D001E92C4 /* Sources */,
				FD4103EF16B3F19D001E92C4 /* Frameworks */,
				FD4103F016B3F19D001E92C4 /* Resources */,
			);
			buildRules = (
			);
			dependencies = (
			);
			name = ProcedureLog;
			productName = ProcedureLog;
			productReference = FD4103F216B3F19D001E92C4 /* ProcedureLog.app */;
			productType = "com.apple.product-type.application";
		};
/* End PBXNativeTarget section */

/* Begin PBXProject section */
		FD4103E916B3F19D001E92C4 /* Project object */ = {
			isa = PBXProject;
			attributes = {
				LastUpgradeCheck = 0450;
				ORGANIZATIONNAME = "Intohand Ltd";
			};
			buildConfigurationList = FD4103EC16B3F19D001E92C4 /* Build configuration list for PBXProject "ProcedureLog" */;
			compatibilityVersion = "Xcode 3.2";
			developmentRegion = English;
			hasScannedForEncodings = 0;
			knownRegions = (
				en,
			);
			mainGroup = FD4103E716B3F19D001E92C4;
			productRefGroup = FD4103F316B3F19D001E92C4 /* Products */;
			projectDirPath = "";
			projectRoot = "";
			targets = (
				FD4103F116B3F19D001E92C4 /* ProcedureLog */,
			);
		};
/* End PBXProject section */

/* Begin PBXResourcesBuildPhase section */
		FD4103F016B3F19D001E92C4 /* Resources */ = {
			isa = PBXResourcesBuildPhase;
			buildActionMask = 2147483647;
			files = (
				FD41040116B3F19D001E92C4 /* InfoPlist.strings in Resources */,
				FD41040916B3F19D001E92C4 /* Default.png in Resources */,
				FD41040B16B3F19D001E92C4 /* Default@2x.png in Resources */,
				FD41040D16B3F19D001E92C4 /* Default-568h@2x.png in Resources */,
				FD41041016B3F19E001E92C4 /* MainStoryboard.storyboard in Resources */,
				FD41041516B3F19E001E92C4 /* first.png in Resources */,
				FD41041716B3F19E001E92C4 /* first@2x.png in Resources */,
				FD41041C16B3F19E001E92C4 /* second.png in Resources */,
				FD41041E16B3F19E001E92C4 /* second@2x.png in Resources */,
				FD41042716B3F494001E92C4 /* 10-medical.png in Resources */,
				FD41042816B3F494001E92C4 /* 10-medical@2x.png in Resources */,
				FD41042B16B3F592001E92C4 /* 14-tag.png in Resources */,
				FD41042C16B3F592001E92C4 /* 14-tag@2x.png in Resources */,
				FD41042F16B3F62A001E92C4 /* 16-line-chart.png in Resources */,
				FD41043016B3F62A001E92C4 /* 16-line-chart@2x.png in Resources */,
			);
			runOnlyForDeploymentPostprocessing = 0;
		};
/* End PBXResourcesBuildPhase section */

/* Begin PBXSourcesBuildPhase section */
		FD4103EE16B3F19D001E92C4 /* Sources */ = {
			isa = PBXSourcesBuildPhase;
			buildActionMask = 2147483647;
			files = (
				FD41040316B3F19D001E92C4 /* main.m in Sources */,
				FD41040716B3F19D001E92C4 /* AppDelegate.m in Sources */,
				FD41041316B3F19E001E92C4 /* FirstViewController.m in Sources */,
				FD41041A16B3F19E001E92C4 /* SecondViewController.m in Sources */,
			);
			runOnlyForDeploymentPostprocessing = 0;
		};
/* End PBXSourcesBuildPhase section */

/* Begin PBXVariantGroup section */
		FD4103FF16B3F19D001E92C4 /* InfoPlist.strings */ = {
			isa = PBXVariantGroup;
			children = (
				FD41040016B3F19D001E92C4 /* en */,
			);
			name = InfoPlist.strings;
			sourceTree = "<group>";
		};
		FD41040E16B3F19E001E92C4 /* MainStoryboard.storyboard */ = {
			isa = PBXVariantGroup;
			children = (
				FD41040F16B3F19E001E92C4 /* en */,
			);
			name = MainStoryboard.storyboard;
			sourceTree = "<group>";
		};
/* End PBXVariantGroup section */

/* Begin XCBuildConfiguration section */
		FD41041F16B3F19E001E92C4 /* Debug */ = {
			isa = XCBuildConfiguration;
			buildSettings = {
				ALWAYS_SEARCH_USER_PATHS = NO;
				CLANG_CXX_LANGUAGE_STANDARD = "gnu++0x";
				CLANG_CXX_LIBRARY = "libc++";
				CLANG_ENABLE_OBJC_ARC = YES;
				CLANG_WARN_EMPTY_BODY = YES;
				CLANG_WARN__DUPLICATE_METHOD_MATCH = YES;
				"CODE_SIGN_IDENTITY[sdk=iphoneos*]" = "iPhone Developer";
				COPY_PHASE_STRIP = NO;
				GCC_C_LANGUAGE_STANDARD = gnu99;
				GCC_DYNAMIC_NO_PIC = NO;
				GCC_OPTIMIZATION_LEVEL = 0;
				GCC_PREPROCESSOR_DEFINITIONS = (
					"DEBUG=1",
					"$(inherited)",
				);
				GCC_SYMBOLS_PRIVATE_EXTERN = NO;
				GCC_WARN_ABOUT_RETURN_TYPE = YES;
				GCC_WARN_UNINITIALIZED_AUTOS = YES;
				GCC_WARN_UNUSED_VARIABLE = YES;
				IPHONEOS_DEPLOYMENT_TARGET = 6.0;
				ONLY_ACTIVE_ARCH = YES;
				SDKROOT = iphoneos;
			};
			name = Debug;
		};
		FD41042016B3F19E001E92C4 /* Release */ = {
			isa = XCBuildConfiguration;
			buildSettings = {
				ALWAYS_SEARCH_USER_PATHS = NO;
				CLANG_CXX_LANGUAGE_STANDARD = "gnu++0x";
				CLANG_CXX_LIBRARY = "libc++";
				CLANG_ENABLE_OBJC_ARC = YES;
				CLANG_WARN_EMPTY_BODY = YES;
				CLANG_WARN__DUPLICATE_METHOD_MATCH = YES;
				"CODE_SIGN_IDENTITY[sdk=iphoneos*]" = "iPhone Developer";
				COPY_PHASE_STRIP = YES;
				GCC_C_LANGUAGE_STANDARD = gnu99;
				GCC_WARN_ABOUT_RETURN_TYPE = YES;
				GCC_WARN_UNINITIALIZED_AUTOS = YES;
				GCC_WARN_UNUSED_VARIABLE = YES;
				IPHONEOS_DEPLOYMENT_TARGET = 6.0;
				OTHER_CFLAGS = "-DNS_BLOCK_ASSERTIONS=1";
				SDKROOT = iphoneos;
				VALIDATE_PRODUCT = YES;
			};
			name = Release;
		};
		FD41042216B3F19E001E92C4 /* Debug */ = {
			isa = XCBuildConfiguration;
			buildSettings = {
				GCC_PRECOMPILE_PREFIX_HEADER = YES;
				GCC_PREFIX_HEADER = "ProcedureLog/ProcedureLog-Prefix.pch";
				INFOPLIST_FILE = "ProcedureLog/ProcedureLog-Info.plist";
				PRODUCT_NAME = "$(TARGET_NAME)";
				WRAPPER_EXTENSION = app;
			};
			name = Debug;
		};
		FD41042316B3F19E001E92C4 /* Release */ = {
			isa = XCBuildConfiguration;
			buildSettings = {
				GCC_PRECOMPILE_PREFIX_HEADER = YES;
				GCC_PREFIX_HEADER = "ProcedureLog/ProcedureLog-Prefix.pch";
				INFOPLIST_FILE = "ProcedureLog/ProcedureLog-Info.plist";
				PRODUCT_NAME = "$(TARGET_NAME)";
				WRAPPER_EXTENSION = app;
			};
			name = Release;
		};
/* End XCBuildConfiguration section */

/* Begin XCConfigurationList section */
		FD4103EC16B3F19D001E92C4 /* Build configuration list for PBXProject "ProcedureLog" */ = {
			isa = XCConfigurationList;
			buildConfigurations = (
				FD41041F16B3F19E001E92C4 /* Debug */,
				FD41042016B3F19E001E92C4 /* Release */,
			);
			defaultConfigurationIsVisible = 0;
			defaultConfigurationName = Release;
		};
		FD41042116B3F19E001E92C4 /* Build configuration list for PBXNativeTarget "ProcedureLog" */ = {
			isa = XCConfigurationList;
			buildConfigurations = (
				FD41042216B3F19E001E92C4 /* Debug */,
				FD41042316B3F19E001E92C4 /* Release */,
			);
			defaultConfigurationIsVisible = 0;
		};
/* End XCConfigurationList section */
	};
	rootObject = FD4103E916B3F19D001E92C4 /* Project object */;
}
