// !$*UTF8*$!
{
	archiveVersion = 1;
	classes = {
	};
	objectVersion = 46;
	objects = {

/* Begin PBXBuildFile section */
		C7253CBC16B410CB009B5CBE /* RecordAudioCell.m in Sources */ = {isa = PBXBuildFile; fileRef = C7253CBB16B410CB009B5CBE /* RecordAudioCell.m */; };
		C7253CCC16B42486009B5CBE /* DoRecordAudioCell.m in Sources */ = {isa = PBXBuildFile; fileRef = C7253CCB16B42485009B5CBE /* DoRecordAudioCell.m */; };
		C7253CD216B42FD3009B5CBE /* AVFoundation.framework in Frameworks */ = {isa = PBXBuildFile; fileRef = C7253CD116B42FD3009B5CBE /* AVFoundation.framework */; };
		C7253CE216B43534009B5CBE /* Recording.m in Sources */ = {isa = PBXBuildFile; fileRef = C7253CE116B43534009B5CBE /* Recording.m */; };
		C7253D0E16B54151009B5CBE /* Item.m in Sources */ = {isa = PBXBuildFile; fileRef = C7253D0D16B54151009B5CBE /* Item.m */; };
		C7253D1116B54152009B5CBE /* Tag.m in Sources */ = {isa = PBXBuildFile; fileRef = C7253D1016B54152009B5CBE /* Tag.m */; };
		FD08FE8A16B43B3500C8C8F3 /* NSString+Helper.m in Sources */ = {isa = PBXBuildFile; fileRef = FD08FE8916B43B3500C8C8F3 /* NSString+Helper.m */; };
		FD370D3816B54CD300746561 /* Icon-72.png in Resources */ = {isa = PBXBuildFile; fileRef = FD370D2E16B54CD200746561 /* Icon-72.png */; };
		FD370D3916B54CD300746561 /* Icon-72@2x.png in Resources */ = {isa = PBXBuildFile; fileRef = FD370D2F16B54CD200746561 /* Icon-72@2x.png */; };
		FD370D3A16B54CD300746561 /* Icon-Small-50.png in Resources */ = {isa = PBXBuildFile; fileRef = FD370D3016B54CD300746561 /* Icon-Small-50.png */; };
		FD370D3B16B54CD300746561 /* Icon-Small-50@2x.png in Resources */ = {isa = PBXBuildFile; fileRef = FD370D3116B54CD300746561 /* Icon-Small-50@2x.png */; };
		FD370D3C16B54CD300746561 /* Icon-Small.png in Resources */ = {isa = PBXBuildFile; fileRef = FD370D3216B54CD300746561 /* Icon-Small.png */; };
		FD370D3D16B54CD300746561 /* Icon-Small@2x.png in Resources */ = {isa = PBXBuildFile; fileRef = FD370D3316B54CD300746561 /* Icon-Small@2x.png */; };
		FD370D3E16B54CD300746561 /* Icon.png in Resources */ = {isa = PBXBuildFile; fileRef = FD370D3416B54CD300746561 /* Icon.png */; };
		FD370D3F16B54CD300746561 /* Icon@2x.png in Resources */ = {isa = PBXBuildFile; fileRef = FD370D3516B54CD300746561 /* Icon@2x.png */; };
		FD370D4016B54CD300746561 /* iTunesArtwork512 in Resources */ = {isa = PBXBuildFile; fileRef = FD370D3616B54CD300746561 /* iTunesArtwork512 */; };
		FD370D4116B54CD300746561 /* iTunesArtwork1024 in Resources */ = {isa = PBXBuildFile; fileRef = FD370D3716B54CD300746561 /* iTunesArtwork1024 */; };
		FD4103F716B3F19D001E92C4 /* UIKit.framework in Frameworks */ = {isa = PBXBuildFile; fileRef = FD4103F616B3F19D001E92C4 /* UIKit.framework */; };
		FD4103F916B3F19D001E92C4 /* Foundation.framework in Frameworks */ = {isa = PBXBuildFile; fileRef = FD4103F816B3F19D001E92C4 /* Foundation.framework */; };
		FD4103FB16B3F19D001E92C4 /* CoreGraphics.framework in Frameworks */ = {isa = PBXBuildFile; fileRef = FD4103FA16B3F19D001E92C4 /* CoreGraphics.framework */; };
		FD41040116B3F19D001E92C4 /* InfoPlist.strings in Resources */ = {isa = PBXBuildFile; fileRef = FD4103FF16B3F19D001E92C4 /* InfoPlist.strings */; };
		FD41040316B3F19D001E92C4 /* main.m in Sources */ = {isa = PBXBuildFile; fileRef = FD41040216B3F19D001E92C4 /* main.m */; };
		FD41040716B3F19D001E92C4 /* AppDelegate.m in Sources */ = {isa = PBXBuildFile; fileRef = FD41040616B3F19D001E92C4 /* AppDelegate.m */; };
		FD41040916B3F19D001E92C4 /* Default.png in Resources */ = {isa = PBXBuildFile; fileRef = FD41040816B3F19D001E92C4 /* Default.png */; };
		FD41040B16B3F19D001E92C4 /* Default@2x.png in Resources */ = {isa = PBXBuildFile; fileRef = FD41040A16B3F19D001E92C4 /* Default@2x.png */; };
		FD41040D16B3F19D001E92C4 /* Default-568h@2x.png in Resources */ = {isa = PBXBuildFile; fileRef = FD41040C16B3F19D001E92C4 /* Default-568h@2x.png */; };
		FD41041016B3F19E001E92C4 /* MainStoryboard.storyboard in Resources */ = {isa = PBXBuildFile; fileRef = FD41040E16B3F19E001E92C4 /* MainStoryboard.storyboard */; };
		FD41042716B3F494001E92C4 /* 10-medical.png in Resources */ = {isa = PBXBuildFile; fileRef = FD41042516B3F494001E92C4 /* 10-medical.png */; };
		FD41042816B3F494001E92C4 /* 10-medical@2x.png in Resources */ = {isa = PBXBuildFile; fileRef = FD41042616B3F494001E92C4 /* 10-medical@2x.png */; };
		FD41042B16B3F592001E92C4 /* 14-tag.png in Resources */ = {isa = PBXBuildFile; fileRef = FD41042916B3F592001E92C4 /* 14-tag.png */; };
		FD41042C16B3F592001E92C4 /* 14-tag@2x.png in Resources */ = {isa = PBXBuildFile; fileRef = FD41042A16B3F592001E92C4 /* 14-tag@2x.png */; };
		FD41042F16B3F62A001E92C4 /* 16-line-chart.png in Resources */ = {isa = PBXBuildFile; fileRef = FD41042D16B3F62A001E92C4 /* 16-line-chart.png */; };
		FD41043016B3F62A001E92C4 /* 16-line-chart@2x.png in Resources */ = {isa = PBXBuildFile; fileRef = FD41042E16B3F62A001E92C4 /* 16-line-chart@2x.png */; };
		FD41047116B3FB5C001E92C4 /* MagicalImportFunctions.m in Sources */ = {isa = PBXBuildFile; fileRef = FD41043916B3FB5C001E92C4 /* MagicalImportFunctions.m */; };
		FD41047216B3FB5C001E92C4 /* NSAttributeDescription+MagicalDataImport.m in Sources */ = {isa = PBXBuildFile; fileRef = FD41043B16B3FB5C001E92C4 /* NSAttributeDescription+MagicalDataImport.m */; };
		FD41047316B3FB5C001E92C4 /* NSEntityDescription+MagicalDataImport.m in Sources */ = {isa = PBXBuildFile; fileRef = FD41043D16B3FB5C001E92C4 /* NSEntityDescription+MagicalDataImport.m */; };
		FD41047416B3FB5C001E92C4 /* NSNumber+MagicalDataImport.m in Sources */ = {isa = PBXBuildFile; fileRef = FD41043F16B3FB5C001E92C4 /* NSNumber+MagicalDataImport.m */; };
		FD41047516B3FB5C001E92C4 /* NSObject+MagicalDataImport.m in Sources */ = {isa = PBXBuildFile; fileRef = FD41044116B3FB5C001E92C4 /* NSObject+MagicalDataImport.m */; };
		FD41047616B3FB5C001E92C4 /* NSRelationshipDescription+MagicalDataImport.m in Sources */ = {isa = PBXBuildFile; fileRef = FD41044316B3FB5C001E92C4 /* NSRelationshipDescription+MagicalDataImport.m */; };
		FD41047716B3FB5C001E92C4 /* NSString+MagicalDataImport.m in Sources */ = {isa = PBXBuildFile; fileRef = FD41044516B3FB5C001E92C4 /* NSString+MagicalDataImport.m */; };
		FD41047816B3FB5C001E92C4 /* NSManagedObject+MagicalAggregation.m in Sources */ = {isa = PBXBuildFile; fileRef = FD41044816B3FB5C001E92C4 /* NSManagedObject+MagicalAggregation.m */; };
		FD41047916B3FB5C001E92C4 /* NSManagedObject+MagicalDataImport.m in Sources */ = {isa = PBXBuildFile; fileRef = FD41044A16B3FB5C001E92C4 /* NSManagedObject+MagicalDataImport.m */; };
		FD41047A16B3FB5C001E92C4 /* NSManagedObject+MagicalFinders.m in Sources */ = {isa = PBXBuildFile; fileRef = FD41044C16B3FB5C001E92C4 /* NSManagedObject+MagicalFinders.m */; };
		FD41047B16B3FB5C001E92C4 /* NSManagedObject+MagicalRecord.m in Sources */ = {isa = PBXBuildFile; fileRef = FD41044E16B3FB5C001E92C4 /* NSManagedObject+MagicalRecord.m */; };
		FD41047C16B3FB5C001E92C4 /* NSManagedObject+MagicalRequests.m in Sources */ = {isa = PBXBuildFile; fileRef = FD41045016B3FB5C001E92C4 /* NSManagedObject+MagicalRequests.m */; };
		FD41047D16B3FB5C001E92C4 /* NSManagedObjectContext+MagicalObserving.m in Sources */ = {isa = PBXBuildFile; fileRef = FD41045316B3FB5C001E92C4 /* NSManagedObjectContext+MagicalObserving.m */; };
		FD41047E16B3FB5C001E92C4 /* NSManagedObjectContext+MagicalRecord.m in Sources */ = {isa = PBXBuildFile; fileRef = FD41045516B3FB5C001E92C4 /* NSManagedObjectContext+MagicalRecord.m */; };
		FD41047F16B3FB5C001E92C4 /* NSManagedObjectContext+MagicalSaves.m in Sources */ = {isa = PBXBuildFile; fileRef = FD41045716B3FB5C001E92C4 /* NSManagedObjectContext+MagicalSaves.m */; };
		FD41048016B3FB5C001E92C4 /* NSManagedObjectContext+MagicalThreading.m in Sources */ = {isa = PBXBuildFile; fileRef = FD41045916B3FB5C001E92C4 /* NSManagedObjectContext+MagicalThreading.m */; };
		FD41048116B3FB5C001E92C4 /* NSManagedObjectModel+MagicalRecord.m in Sources */ = {isa = PBXBuildFile; fileRef = FD41045B16B3FB5C001E92C4 /* NSManagedObjectModel+MagicalRecord.m */; };
		FD41048216B3FB5C001E92C4 /* NSPersistentStore+MagicalRecord.m in Sources */ = {isa = PBXBuildFile; fileRef = FD41045D16B3FB5C001E92C4 /* NSPersistentStore+MagicalRecord.m */; };
		FD41048316B3FB5C001E92C4 /* NSPersistentStoreCoordinator+MagicalRecord.m in Sources */ = {isa = PBXBuildFile; fileRef = FD41045F16B3FB5C001E92C4 /* NSPersistentStoreCoordinator+MagicalRecord.m */; };
		FD41048416B3FB5C001E92C4 /* MagicalRecord+Actions.m in Sources */ = {isa = PBXBuildFile; fileRef = FD41046216B3FB5C001E92C4 /* MagicalRecord+Actions.m */; };
		FD41048516B3FB5C001E92C4 /* MagicalRecord+ErrorHandling.m in Sources */ = {isa = PBXBuildFile; fileRef = FD41046416B3FB5C001E92C4 /* MagicalRecord+ErrorHandling.m */; };
		FD41048616B3FB5C001E92C4 /* MagicalRecord+iCloud.m in Sources */ = {isa = PBXBuildFile; fileRef = FD41046616B3FB5C001E92C4 /* MagicalRecord+iCloud.m */; };
		FD41048716B3FB5C001E92C4 /* MagicalRecord+Options.m in Sources */ = {isa = PBXBuildFile; fileRef = FD41046816B3FB5C001E92C4 /* MagicalRecord+Options.m */; };
		FD41048816B3FB5C001E92C4 /* MagicalRecord+Setup.m in Sources */ = {isa = PBXBuildFile; fileRef = FD41046A16B3FB5C001E92C4 /* MagicalRecord+Setup.m */; };
		FD41048916B3FB5C001E92C4 /* MagicalRecord+ShorthandSupport.m in Sources */ = {isa = PBXBuildFile; fileRef = FD41046C16B3FB5C001E92C4 /* MagicalRecord+ShorthandSupport.m */; };
		FD41048A16B3FB5C001E92C4 /* MagicalRecord.m in Sources */ = {isa = PBXBuildFile; fileRef = FD41046E16B3FB5C001E92C4 /* MagicalRecord.m */; };
		FD41049816B3FCBF001E92C4 /* Accounts.framework in Frameworks */ = {isa = PBXBuildFile; fileRef = FD41049016B3FCBF001E92C4 /* Accounts.framework */; };
		FD41049916B3FCBF001E92C4 /* AddressBook.framework in Frameworks */ = {isa = PBXBuildFile; fileRef = FD41049116B3FCBF001E92C4 /* AddressBook.framework */; };
		FD41049A16B3FCBF001E92C4 /* AddressBookUI.framework in Frameworks */ = {isa = PBXBuildFile; fileRef = FD41049216B3FCBF001E92C4 /* AddressBookUI.framework */; };
		FD41049B16B3FCBF001E92C4 /* CoreData.framework in Frameworks */ = {isa = PBXBuildFile; fileRef = FD41049316B3FCBF001E92C4 /* CoreData.framework */; };
		FD41049C16B3FCBF001E92C4 /* CoreLocation.framework in Frameworks */ = {isa = PBXBuildFile; fileRef = FD41049416B3FCBF001E92C4 /* CoreLocation.framework */; };
		FD41049D16B3FCBF001E92C4 /* CoreTelephony.framework in Frameworks */ = {isa = PBXBuildFile; fileRef = FD41049516B3FCBF001E92C4 /* CoreTelephony.framework */; };
		FD41049E16B3FCBF001E92C4 /* QuartzCore.framework in Frameworks */ = {isa = PBXBuildFile; fileRef = FD41049616B3FCBF001E92C4 /* QuartzCore.framework */; };
		FD41049F16B3FCBF001E92C4 /* SystemConfiguration.framework in Frameworks */ = {isa = PBXBuildFile; fileRef = FD41049716B3FCBF001E92C4 /* SystemConfiguration.framework */; };
		FD4104A216B3FEF7001E92C4 /* 09-chat-2.png in Resources */ = {isa = PBXBuildFile; fileRef = FD4104A016B3FEF7001E92C4 /* 09-chat-2.png */; };
		FD4104A316B3FEF7001E92C4 /* 09-chat-2@2x.png in Resources */ = {isa = PBXBuildFile; fileRef = FD4104A116B3FEF7001E92C4 /* 09-chat-2@2x.png */; };
		FD4104AE16B400DF001E92C4 /* SearchViewController.m in Sources */ = {isa = PBXBuildFile; fileRef = FD4104AD16B400DF001E92C4 /* SearchViewController.m */; };
		FD4104B616B40149001E92C4 /* StatsViewController.m in Sources */ = {isa = PBXBuildFile; fileRef = FD4104B516B40149001E92C4 /* StatsViewController.m */; };
		FD4104B916B40162001E92C4 /* TagsViewController.m in Sources */ = {isa = PBXBuildFile; fileRef = FD4104B816B40162001E92C4 /* TagsViewController.m */; };
		FD4104BD16B4017A001E92C4 /* AddItemViewController.m in Sources */ = {isa = PBXBuildFile; fileRef = FD4104BC16B4017A001E92C4 /* AddItemViewController.m */; };
		FD4104C016B40276001E92C4 /* ProcedureCell.m in Sources */ = {isa = PBXBuildFile; fileRef = FD4104BF16B40276001E92C4 /* ProcedureCell.m */; };
		FD4104C316B402CC001E92C4 /* RatingCell.m in Sources */ = {isa = PBXBuildFile; fileRef = FD4104C216B402CC001E92C4 /* RatingCell.m */; };
		FD4104C616B402DC001E92C4 /* CommentCell.m in Sources */ = {isa = PBXBuildFile; fileRef = FD4104C516B402DC001E92C4 /* CommentCell.m */; };
		FD4104C916B403B7001E92C4 /* PlayAudioCell.m in Sources */ = {isa = PBXBuildFile; fileRef = FD4104C816B403B7001E92C4 /* PlayAudioCell.m */; };
		FD4104CC16B41FC1001E92C4 /* ProccedureLogDataModel.xcdatamodeld in Sources */ = {isa = PBXBuildFile; fileRef = FD4104CA16B41FC1001E92C4 /* ProccedureLogDataModel.xcdatamodeld */; };
		FD47C76D16B431870027AEDF /* star_empty.png in Resources */ = {isa = PBXBuildFile; fileRef = FD47C76916B431870027AEDF /* star_empty.png */; };
		FD47C76E16B431870027AEDF /* star_empty@2x.png in Resources */ = {isa = PBXBuildFile; fileRef = FD47C76A16B431870027AEDF /* star_empty@2x.png */; };
		FD47C76F16B431870027AEDF /* star_full.png in Resources */ = {isa = PBXBuildFile; fileRef = FD47C76B16B431870027AEDF /* star_full.png */; };
		FD47C77016B431870027AEDF /* star_full@2x.png in Resources */ = {isa = PBXBuildFile; fileRef = FD47C76C16B431870027AEDF /* star_full@2x.png */; };
		FD47C77416B4319F0027AEDF /* UIImageView+Reflected.m in Sources */ = {isa = PBXBuildFile; fileRef = FD47C77316B4319F0027AEDF /* UIImageView+Reflected.m */; settings = {COMPILER_FLAGS = "-fno-objc-arc"; }; };
		FD47C77716B431A70027AEDF /* RSTapRateView.m in Sources */ = {isa = PBXBuildFile; fileRef = FD47C77616B431A70027AEDF /* RSTapRateView.m */; settings = {COMPILER_FLAGS = "-fno-objc-arc"; }; };
		FD5C1A8216B4374E002DDB98 /* Item+Helper.m in Sources */ = {isa = PBXBuildFile; fileRef = FD5C1A8116B4374E002DDB98 /* Item+Helper.m */; };
		FD5C1A8516B43760002DDB98 /* Recording+Helper.m in Sources */ = {isa = PBXBuildFile; fileRef = FD5C1A8416B43760002DDB98 /* Recording+Helper.m */; };
		FD5C1A8816B43770002DDB98 /* Tag+Helper.m in Sources */ = {isa = PBXBuildFile; fileRef = FD5C1A8716B43770002DDB98 /* Tag+Helper.m */; };
		FD5C1A8B16B437B8002DDB98 /* User.m in Sources */ = {isa = PBXBuildFile; fileRef = FD5C1A8A16B437B8002DDB98 /* User.m */; };
		FDDB7E4F16B52F350044368B /* AFHTTPClient.m in Sources */ = {isa = PBXBuildFile; fileRef = FDDB7E3D16B52F350044368B /* AFHTTPClient.m */; };
		FDDB7E5016B52F350044368B /* AFHTTPRequestOperation.m in Sources */ = {isa = PBXBuildFile; fileRef = FDDB7E3F16B52F350044368B /* AFHTTPRequestOperation.m */; };
		FDDB7E5116B52F350044368B /* AFImageRequestOperation.m in Sources */ = {isa = PBXBuildFile; fileRef = FDDB7E4116B52F350044368B /* AFImageRequestOperation.m */; };
		FDDB7E5216B52F350044368B /* AFJSONRequestOperation.m in Sources */ = {isa = PBXBuildFile; fileRef = FDDB7E4316B52F350044368B /* AFJSONRequestOperation.m */; };
		FDDB7E5316B52F350044368B /* AFNetworkActivityIndicatorManager.m in Sources */ = {isa = PBXBuildFile; fileRef = FDDB7E4516B52F350044368B /* AFNetworkActivityIndicatorManager.m */; };
		FDDB7E5416B52F350044368B /* AFPropertyListRequestOperation.m in Sources */ = {isa = PBXBuildFile; fileRef = FDDB7E4816B52F350044368B /* AFPropertyListRequestOperation.m */; };
		FDDB7E5516B52F350044368B /* AFURLConnectionOperation.m in Sources */ = {isa = PBXBuildFile; fileRef = FDDB7E4A16B52F350044368B /* AFURLConnectionOperation.m */; };
		FDDB7E5616B52F350044368B /* AFXMLRequestOperation.m in Sources */ = {isa = PBXBuildFile; fileRef = FDDB7E4C16B52F350044368B /* AFXMLRequestOperation.m */; };
		FDDB7E5716B52F350044368B /* UIImageView+AFNetworking.m in Sources */ = {isa = PBXBuildFile; fileRef = FDDB7E4E16B52F350044368B /* UIImageView+AFNetworking.m */; };
/* End PBXBuildFile section */

/* Begin PBXFileReference section */
		C7253CBA16B410CB009B5CBE /* RecordAudioCell.h */ = {isa = PBXFileReference; fileEncoding = 4; lastKnownFileType = sourcecode.c.h; path = RecordAudioCell.h; sourceTree = "<group>"; };
		C7253CBB16B410CB009B5CBE /* RecordAudioCell.m */ = {isa = PBXFileReference; fileEncoding = 4; lastKnownFileType = sourcecode.c.objc; path = RecordAudioCell.m; sourceTree = "<group>"; };
		C7253CCA16B42485009B5CBE /* DoRecordAudioCell.h */ = {isa = PBXFileReference; fileEncoding = 4; lastKnownFileType = sourcecode.c.h; path = DoRecordAudioCell.h; sourceTree = "<group>"; };
		C7253CCB16B42485009B5CBE /* DoRecordAudioCell.m */ = {isa = PBXFileReference; fileEncoding = 4; lastKnownFileType = sourcecode.c.objc; path = DoRecordAudioCell.m; sourceTree = "<group>"; };
		C7253CD116B42FD3009B5CBE /* AVFoundation.framework */ = {isa = PBXFileReference; lastKnownFileType = wrapper.framework; name = AVFoundation.framework; path = System/Library/Frameworks/AVFoundation.framework; sourceTree = SDKROOT; };
		C7253CE016B43534009B5CBE /* Recording.h */ = {isa = PBXFileReference; fileEncoding = 4; lastKnownFileType = sourcecode.c.h; path = Recording.h; sourceTree = "<group>"; };
		C7253CE116B43534009B5CBE /* Recording.m */ = {isa = PBXFileReference; fileEncoding = 4; lastKnownFileType = sourcecode.c.objc; path = Recording.m; sourceTree = "<group>"; };
		C7253D0C16B54151009B5CBE /* Item.h */ = {isa = PBXFileReference; fileEncoding = 4; lastKnownFileType = sourcecode.c.h; path = Item.h; sourceTree = "<group>"; };
		C7253D0D16B54151009B5CBE /* Item.m */ = {isa = PBXFileReference; fileEncoding = 4; lastKnownFileType = sourcecode.c.objc; path = Item.m; sourceTree = "<group>"; };
		C7253D0F16B54152009B5CBE /* Tag.h */ = {isa = PBXFileReference; fileEncoding = 4; lastKnownFileType = sourcecode.c.h; path = Tag.h; sourceTree = "<group>"; };
		C7253D1016B54152009B5CBE /* Tag.m */ = {isa = PBXFileReference; fileEncoding = 4; lastKnownFileType = sourcecode.c.objc; path = Tag.m; sourceTree = "<group>"; };
		FD08FE8816B43B3500C8C8F3 /* NSString+Helper.h */ = {isa = PBXFileReference; fileEncoding = 4; lastKnownFileType = sourcecode.c.h; path = "NSString+Helper.h"; sourceTree = "<group>"; };
		FD08FE8916B43B3500C8C8F3 /* NSString+Helper.m */ = {isa = PBXFileReference; fileEncoding = 4; lastKnownFileType = sourcecode.c.objc; path = "NSString+Helper.m"; sourceTree = "<group>"; };
		FD08FE9816B43C9900C8C8F3 /* Config.h */ = {isa = PBXFileReference; fileEncoding = 4; lastKnownFileType = sourcecode.c.h; path = Config.h; sourceTree = "<group>"; };
		FD370D2E16B54CD200746561 /* Icon-72.png */ = {isa = PBXFileReference; lastKnownFileType = image.png; path = "Icon-72.png"; sourceTree = "<group>"; };
		FD370D2F16B54CD200746561 /* Icon-72@2x.png */ = {isa = PBXFileReference; lastKnownFileType = image.png; path = "Icon-72@2x.png"; sourceTree = "<group>"; };
		FD370D3016B54CD300746561 /* Icon-Small-50.png */ = {isa = PBXFileReference; lastKnownFileType = image.png; path = "Icon-Small-50.png"; sourceTree = "<group>"; };
		FD370D3116B54CD300746561 /* Icon-Small-50@2x.png */ = {isa = PBXFileReference; lastKnownFileType = image.png; path = "Icon-Small-50@2x.png"; sourceTree = "<group>"; };
		FD370D3216B54CD300746561 /* Icon-Small.png */ = {isa = PBXFileReference; lastKnownFileType = image.png; path = "Icon-Small.png"; sourceTree = "<group>"; };
		FD370D3316B54CD300746561 /* Icon-Small@2x.png */ = {isa = PBXFileReference; lastKnownFileType = image.png; path = "Icon-Small@2x.png"; sourceTree = "<group>"; };
		FD370D3416B54CD300746561 /* Icon.png */ = {isa = PBXFileReference; lastKnownFileType = image.png; path = Icon.png; sourceTree = "<group>"; };
		FD370D3516B54CD300746561 /* Icon@2x.png */ = {isa = PBXFileReference; lastKnownFileType = image.png; path = "Icon@2x.png"; sourceTree = "<group>"; };
		FD370D3616B54CD300746561 /* iTunesArtwork512 */ = {isa = PBXFileReference; lastKnownFileType = file; path = iTunesArtwork512; sourceTree = "<group>"; };
		FD370D3716B54CD300746561 /* iTunesArtwork1024 */ = {isa = PBXFileReference; lastKnownFileType = file; path = iTunesArtwork1024; sourceTree = "<group>"; };
		FD4103F216B3F19D001E92C4 /* QuickLog.app */ = {isa = PBXFileReference; explicitFileType = wrapper.application; includeInIndex = 0; path = QuickLog.app; sourceTree = BUILT_PRODUCTS_DIR; };
		FD4103F616B3F19D001E92C4 /* UIKit.framework */ = {isa = PBXFileReference; lastKnownFileType = wrapper.framework; name = UIKit.framework; path = System/Library/Frameworks/UIKit.framework; sourceTree = SDKROOT; };
		FD4103F816B3F19D001E92C4 /* Foundation.framework */ = {isa = PBXFileReference; lastKnownFileType = wrapper.framework; name = Foundation.framework; path = System/Library/Frameworks/Foundation.framework; sourceTree = SDKROOT; };
		FD4103FA16B3F19D001E92C4 /* CoreGraphics.framework */ = {isa = PBXFileReference; lastKnownFileType = wrapper.framework; name = CoreGraphics.framework; path = System/Library/Frameworks/CoreGraphics.framework; sourceTree = SDKROOT; };
		FD4103FE16B3F19D001E92C4 /* ProcedureLog-Info.plist */ = {isa = PBXFileReference; lastKnownFileType = text.plist.xml; path = "ProcedureLog-Info.plist"; sourceTree = "<group>"; };
		FD41040016B3F19D001E92C4 /* en */ = {isa = PBXFileReference; lastKnownFileType = text.plist.strings; name = en; path = en.lproj/InfoPlist.strings; sourceTree = "<group>"; };
		FD41040216B3F19D001E92C4 /* main.m */ = {isa = PBXFileReference; lastKnownFileType = sourcecode.c.objc; path = main.m; sourceTree = "<group>"; };
		FD41040416B3F19D001E92C4 /* ProcedureLog-Prefix.pch */ = {isa = PBXFileReference; lastKnownFileType = sourcecode.c.h; path = "ProcedureLog-Prefix.pch"; sourceTree = "<group>"; };
		FD41040516B3F19D001E92C4 /* AppDelegate.h */ = {isa = PBXFileReference; lastKnownFileType = sourcecode.c.h; path = AppDelegate.h; sourceTree = "<group>"; };
		FD41040616B3F19D001E92C4 /* AppDelegate.m */ = {isa = PBXFileReference; lastKnownFileType = sourcecode.c.objc; path = AppDelegate.m; sourceTree = "<group>"; };
		FD41040816B3F19D001E92C4 /* Default.png */ = {isa = PBXFileReference; lastKnownFileType = image.png; path = Default.png; sourceTree = "<group>"; };
		FD41040A16B3F19D001E92C4 /* Default@2x.png */ = {isa = PBXFileReference; lastKnownFileType = image.png; path = "Default@2x.png"; sourceTree = "<group>"; };
		FD41040C16B3F19D001E92C4 /* Default-568h@2x.png */ = {isa = PBXFileReference; lastKnownFileType = image.png; path = "Default-568h@2x.png"; sourceTree = "<group>"; };
		FD41040F16B3F19E001E92C4 /* en */ = {isa = PBXFileReference; lastKnownFileType = file.storyboard; name = en; path = en.lproj/MainStoryboard.storyboard; sourceTree = "<group>"; };
		FD41042516B3F494001E92C4 /* 10-medical.png */ = {isa = PBXFileReference; lastKnownFileType = image.png; path = "10-medical.png"; sourceTree = "<group>"; };
		FD41042616B3F494001E92C4 /* 10-medical@2x.png */ = {isa = PBXFileReference; lastKnownFileType = image.png; path = "10-medical@2x.png"; sourceTree = "<group>"; };
		FD41042916B3F592001E92C4 /* 14-tag.png */ = {isa = PBXFileReference; lastKnownFileType = image.png; path = "14-tag.png"; sourceTree = "<group>"; };
		FD41042A16B3F592001E92C4 /* 14-tag@2x.png */ = {isa = PBXFileReference; lastKnownFileType = image.png; path = "14-tag@2x.png"; sourceTree = "<group>"; };
		FD41042D16B3F62A001E92C4 /* 16-line-chart.png */ = {isa = PBXFileReference; lastKnownFileType = image.png; path = "16-line-chart.png"; sourceTree = "<group>"; };
		FD41042E16B3F62A001E92C4 /* 16-line-chart@2x.png */ = {isa = PBXFileReference; lastKnownFileType = image.png; path = "16-line-chart@2x.png"; sourceTree = "<group>"; };
		FD41043816B3FB5C001E92C4 /* MagicalImportFunctions.h */ = {isa = PBXFileReference; fileEncoding = 4; lastKnownFileType = sourcecode.c.h; path = MagicalImportFunctions.h; sourceTree = "<group>"; };
		FD41043916B3FB5C001E92C4 /* MagicalImportFunctions.m */ = {isa = PBXFileReference; fileEncoding = 4; lastKnownFileType = sourcecode.c.objc; path = MagicalImportFunctions.m; sourceTree = "<group>"; };
		FD41043A16B3FB5C001E92C4 /* NSAttributeDescription+MagicalDataImport.h */ = {isa = PBXFileReference; fileEncoding = 4; lastKnownFileType = sourcecode.c.h; path = "NSAttributeDescription+MagicalDataImport.h"; sourceTree = "<group>"; };
		FD41043B16B3FB5C001E92C4 /* NSAttributeDescription+MagicalDataImport.m */ = {isa = PBXFileReference; fileEncoding = 4; lastKnownFileType = sourcecode.c.objc; path = "NSAttributeDescription+MagicalDataImport.m"; sourceTree = "<group>"; };
		FD41043C16B3FB5C001E92C4 /* NSEntityDescription+MagicalDataImport.h */ = {isa = PBXFileReference; fileEncoding = 4; lastKnownFileType = sourcecode.c.h; path = "NSEntityDescription+MagicalDataImport.h"; sourceTree = "<group>"; };
		FD41043D16B3FB5C001E92C4 /* NSEntityDescription+MagicalDataImport.m */ = {isa = PBXFileReference; fileEncoding = 4; lastKnownFileType = sourcecode.c.objc; path = "NSEntityDescription+MagicalDataImport.m"; sourceTree = "<group>"; };
		FD41043E16B3FB5C001E92C4 /* NSNumber+MagicalDataImport.h */ = {isa = PBXFileReference; fileEncoding = 4; lastKnownFileType = sourcecode.c.h; path = "NSNumber+MagicalDataImport.h"; sourceTree = "<group>"; };
		FD41043F16B3FB5C001E92C4 /* NSNumber+MagicalDataImport.m */ = {isa = PBXFileReference; fileEncoding = 4; lastKnownFileType = sourcecode.c.objc; path = "NSNumber+MagicalDataImport.m"; sourceTree = "<group>"; };
		FD41044016B3FB5C001E92C4 /* NSObject+MagicalDataImport.h */ = {isa = PBXFileReference; fileEncoding = 4; lastKnownFileType = sourcecode.c.h; path = "NSObject+MagicalDataImport.h"; sourceTree = "<group>"; };
		FD41044116B3FB5C001E92C4 /* NSObject+MagicalDataImport.m */ = {isa = PBXFileReference; fileEncoding = 4; lastKnownFileType = sourcecode.c.objc; path = "NSObject+MagicalDataImport.m"; sourceTree = "<group>"; };
		FD41044216B3FB5C001E92C4 /* NSRelationshipDescription+MagicalDataImport.h */ = {isa = PBXFileReference; fileEncoding = 4; lastKnownFileType = sourcecode.c.h; path = "NSRelationshipDescription+MagicalDataImport.h"; sourceTree = "<group>"; };
		FD41044316B3FB5C001E92C4 /* NSRelationshipDescription+MagicalDataImport.m */ = {isa = PBXFileReference; fileEncoding = 4; lastKnownFileType = sourcecode.c.objc; path = "NSRelationshipDescription+MagicalDataImport.m"; sourceTree = "<group>"; };
		FD41044416B3FB5C001E92C4 /* NSString+MagicalDataImport.h */ = {isa = PBXFileReference; fileEncoding = 4; lastKnownFileType = sourcecode.c.h; path = "NSString+MagicalDataImport.h"; sourceTree = "<group>"; };
		FD41044516B3FB5C001E92C4 /* NSString+MagicalDataImport.m */ = {isa = PBXFileReference; fileEncoding = 4; lastKnownFileType = sourcecode.c.objc; path = "NSString+MagicalDataImport.m"; sourceTree = "<group>"; };
		FD41044716B3FB5C001E92C4 /* NSManagedObject+MagicalAggregation.h */ = {isa = PBXFileReference; fileEncoding = 4; lastKnownFileType = sourcecode.c.h; path = "NSManagedObject+MagicalAggregation.h"; sourceTree = "<group>"; };
		FD41044816B3FB5C001E92C4 /* NSManagedObject+MagicalAggregation.m */ = {isa = PBXFileReference; fileEncoding = 4; lastKnownFileType = sourcecode.c.objc; path = "NSManagedObject+MagicalAggregation.m"; sourceTree = "<group>"; };
		FD41044916B3FB5C001E92C4 /* NSManagedObject+MagicalDataImport.h */ = {isa = PBXFileReference; fileEncoding = 4; lastKnownFileType = sourcecode.c.h; path = "NSManagedObject+MagicalDataImport.h"; sourceTree = "<group>"; };
		FD41044A16B3FB5C001E92C4 /* NSManagedObject+MagicalDataImport.m */ = {isa = PBXFileReference; fileEncoding = 4; lastKnownFileType = sourcecode.c.objc; path = "NSManagedObject+MagicalDataImport.m"; sourceTree = "<group>"; };
		FD41044B16B3FB5C001E92C4 /* NSManagedObject+MagicalFinders.h */ = {isa = PBXFileReference; fileEncoding = 4; lastKnownFileType = sourcecode.c.h; path = "NSManagedObject+MagicalFinders.h"; sourceTree = "<group>"; };
		FD41044C16B3FB5C001E92C4 /* NSManagedObject+MagicalFinders.m */ = {isa = PBXFileReference; fileEncoding = 4; lastKnownFileType = sourcecode.c.objc; path = "NSManagedObject+MagicalFinders.m"; sourceTree = "<group>"; };
		FD41044D16B3FB5C001E92C4 /* NSManagedObject+MagicalRecord.h */ = {isa = PBXFileReference; fileEncoding = 4; lastKnownFileType = sourcecode.c.h; path = "NSManagedObject+MagicalRecord.h"; sourceTree = "<group>"; };
		FD41044E16B3FB5C001E92C4 /* NSManagedObject+MagicalRecord.m */ = {isa = PBXFileReference; fileEncoding = 4; lastKnownFileType = sourcecode.c.objc; path = "NSManagedObject+MagicalRecord.m"; sourceTree = "<group>"; };
		FD41044F16B3FB5C001E92C4 /* NSManagedObject+MagicalRequests.h */ = {isa = PBXFileReference; fileEncoding = 4; lastKnownFileType = sourcecode.c.h; path = "NSManagedObject+MagicalRequests.h"; sourceTree = "<group>"; };
		FD41045016B3FB5C001E92C4 /* NSManagedObject+MagicalRequests.m */ = {isa = PBXFileReference; fileEncoding = 4; lastKnownFileType = sourcecode.c.objc; path = "NSManagedObject+MagicalRequests.m"; sourceTree = "<group>"; };
		FD41045216B3FB5C001E92C4 /* NSManagedObjectContext+MagicalObserving.h */ = {isa = PBXFileReference; fileEncoding = 4; lastKnownFileType = sourcecode.c.h; path = "NSManagedObjectContext+MagicalObserving.h"; sourceTree = "<group>"; };
		FD41045316B3FB5C001E92C4 /* NSManagedObjectContext+MagicalObserving.m */ = {isa = PBXFileReference; fileEncoding = 4; lastKnownFileType = sourcecode.c.objc; path = "NSManagedObjectContext+MagicalObserving.m"; sourceTree = "<group>"; };
		FD41045416B3FB5C001E92C4 /* NSManagedObjectContext+MagicalRecord.h */ = {isa = PBXFileReference; fileEncoding = 4; lastKnownFileType = sourcecode.c.h; path = "NSManagedObjectContext+MagicalRecord.h"; sourceTree = "<group>"; };
		FD41045516B3FB5C001E92C4 /* NSManagedObjectContext+MagicalRecord.m */ = {isa = PBXFileReference; fileEncoding = 4; lastKnownFileType = sourcecode.c.objc; path = "NSManagedObjectContext+MagicalRecord.m"; sourceTree = "<group>"; };
		FD41045616B3FB5C001E92C4 /* NSManagedObjectContext+MagicalSaves.h */ = {isa = PBXFileReference; fileEncoding = 4; lastKnownFileType = sourcecode.c.h; path = "NSManagedObjectContext+MagicalSaves.h"; sourceTree = "<group>"; };
		FD41045716B3FB5C001E92C4 /* NSManagedObjectContext+MagicalSaves.m */ = {isa = PBXFileReference; fileEncoding = 4; lastKnownFileType = sourcecode.c.objc; path = "NSManagedObjectContext+MagicalSaves.m"; sourceTree = "<group>"; };
		FD41045816B3FB5C001E92C4 /* NSManagedObjectContext+MagicalThreading.h */ = {isa = PBXFileReference; fileEncoding = 4; lastKnownFileType = sourcecode.c.h; path = "NSManagedObjectContext+MagicalThreading.h"; sourceTree = "<group>"; };
		FD41045916B3FB5C001E92C4 /* NSManagedObjectContext+MagicalThreading.m */ = {isa = PBXFileReference; fileEncoding = 4; lastKnownFileType = sourcecode.c.objc; path = "NSManagedObjectContext+MagicalThreading.m"; sourceTree = "<group>"; };
		FD41045A16B3FB5C001E92C4 /* NSManagedObjectModel+MagicalRecord.h */ = {isa = PBXFileReference; fileEncoding = 4; lastKnownFileType = sourcecode.c.h; path = "NSManagedObjectModel+MagicalRecord.h"; sourceTree = "<group>"; };
		FD41045B16B3FB5C001E92C4 /* NSManagedObjectModel+MagicalRecord.m */ = {isa = PBXFileReference; fileEncoding = 4; lastKnownFileType = sourcecode.c.objc; path = "NSManagedObjectModel+MagicalRecord.m"; sourceTree = "<group>"; };
		FD41045C16B3FB5C001E92C4 /* NSPersistentStore+MagicalRecord.h */ = {isa = PBXFileReference; fileEncoding = 4; lastKnownFileType = sourcecode.c.h; path = "NSPersistentStore+MagicalRecord.h"; sourceTree = "<group>"; };
		FD41045D16B3FB5C001E92C4 /* NSPersistentStore+MagicalRecord.m */ = {isa = PBXFileReference; fileEncoding = 4; lastKnownFileType = sourcecode.c.objc; path = "NSPersistentStore+MagicalRecord.m"; sourceTree = "<group>"; };
		FD41045E16B3FB5C001E92C4 /* NSPersistentStoreCoordinator+MagicalRecord.h */ = {isa = PBXFileReference; fileEncoding = 4; lastKnownFileType = sourcecode.c.h; path = "NSPersistentStoreCoordinator+MagicalRecord.h"; sourceTree = "<group>"; };
		FD41045F16B3FB5C001E92C4 /* NSPersistentStoreCoordinator+MagicalRecord.m */ = {isa = PBXFileReference; fileEncoding = 4; lastKnownFileType = sourcecode.c.objc; path = "NSPersistentStoreCoordinator+MagicalRecord.m"; sourceTree = "<group>"; };
		FD41046116B3FB5C001E92C4 /* MagicalRecord+Actions.h */ = {isa = PBXFileReference; fileEncoding = 4; lastKnownFileType = sourcecode.c.h; path = "MagicalRecord+Actions.h"; sourceTree = "<group>"; };
		FD41046216B3FB5C001E92C4 /* MagicalRecord+Actions.m */ = {isa = PBXFileReference; fileEncoding = 4; lastKnownFileType = sourcecode.c.objc; path = "MagicalRecord+Actions.m"; sourceTree = "<group>"; };
		FD41046316B3FB5C001E92C4 /* MagicalRecord+ErrorHandling.h */ = {isa = PBXFileReference; fileEncoding = 4; lastKnownFileType = sourcecode.c.h; path = "MagicalRecord+ErrorHandling.h"; sourceTree = "<group>"; };
		FD41046416B3FB5C001E92C4 /* MagicalRecord+ErrorHandling.m */ = {isa = PBXFileReference; fileEncoding = 4; lastKnownFileType = sourcecode.c.objc; path = "MagicalRecord+ErrorHandling.m"; sourceTree = "<group>"; };
		FD41046516B3FB5C001E92C4 /* MagicalRecord+iCloud.h */ = {isa = PBXFileReference; fileEncoding = 4; lastKnownFileType = sourcecode.c.h; path = "MagicalRecord+iCloud.h"; sourceTree = "<group>"; };
		FD41046616B3FB5C001E92C4 /* MagicalRecord+iCloud.m */ = {isa = PBXFileReference; fileEncoding = 4; lastKnownFileType = sourcecode.c.objc; path = "MagicalRecord+iCloud.m"; sourceTree = "<group>"; };
		FD41046716B3FB5C001E92C4 /* MagicalRecord+Options.h */ = {isa = PBXFileReference; fileEncoding = 4; lastKnownFileType = sourcecode.c.h; path = "MagicalRecord+Options.h"; sourceTree = "<group>"; };
		FD41046816B3FB5C001E92C4 /* MagicalRecord+Options.m */ = {isa = PBXFileReference; fileEncoding = 4; lastKnownFileType = sourcecode.c.objc; path = "MagicalRecord+Options.m"; sourceTree = "<group>"; };
		FD41046916B3FB5C001E92C4 /* MagicalRecord+Setup.h */ = {isa = PBXFileReference; fileEncoding = 4; lastKnownFileType = sourcecode.c.h; path = "MagicalRecord+Setup.h"; sourceTree = "<group>"; };
		FD41046A16B3FB5C001E92C4 /* MagicalRecord+Setup.m */ = {isa = PBXFileReference; fileEncoding = 4; lastKnownFileType = sourcecode.c.objc; path = "MagicalRecord+Setup.m"; sourceTree = "<group>"; };
		FD41046B16B3FB5C001E92C4 /* MagicalRecord+ShorthandSupport.h */ = {isa = PBXFileReference; fileEncoding = 4; lastKnownFileType = sourcecode.c.h; path = "MagicalRecord+ShorthandSupport.h"; sourceTree = "<group>"; };
		FD41046C16B3FB5C001E92C4 /* MagicalRecord+ShorthandSupport.m */ = {isa = PBXFileReference; fileEncoding = 4; lastKnownFileType = sourcecode.c.objc; path = "MagicalRecord+ShorthandSupport.m"; sourceTree = "<group>"; };
		FD41046D16B3FB5C001E92C4 /* MagicalRecord.h */ = {isa = PBXFileReference; fileEncoding = 4; lastKnownFileType = sourcecode.c.h; path = MagicalRecord.h; sourceTree = "<group>"; };
		FD41046E16B3FB5C001E92C4 /* MagicalRecord.m */ = {isa = PBXFileReference; fileEncoding = 4; lastKnownFileType = sourcecode.c.objc; path = MagicalRecord.m; sourceTree = "<group>"; };
		FD41046F16B3FB5C001E92C4 /* MagicalRecordShorthand.h */ = {isa = PBXFileReference; fileEncoding = 4; lastKnownFileType = sourcecode.c.h; path = MagicalRecordShorthand.h; sourceTree = "<group>"; };
		FD41047016B3FB5C001E92C4 /* CoreData+MagicalRecord.h */ = {isa = PBXFileReference; fileEncoding = 4; lastKnownFileType = sourcecode.c.h; path = "CoreData+MagicalRecord.h"; sourceTree = "<group>"; };
		FD41049016B3FCBF001E92C4 /* Accounts.framework */ = {isa = PBXFileReference; lastKnownFileType = wrapper.framework; name = Accounts.framework; path = System/Library/Frameworks/Accounts.framework; sourceTree = SDKROOT; };
		FD41049116B3FCBF001E92C4 /* AddressBook.framework */ = {isa = PBXFileReference; lastKnownFileType = wrapper.framework; name = AddressBook.framework; path = System/Library/Frameworks/AddressBook.framework; sourceTree = SDKROOT; };
		FD41049216B3FCBF001E92C4 /* AddressBookUI.framework */ = {isa = PBXFileReference; lastKnownFileType = wrapper.framework; name = AddressBookUI.framework; path = System/Library/Frameworks/AddressBookUI.framework; sourceTree = SDKROOT; };
		FD41049316B3FCBF001E92C4 /* CoreData.framework */ = {isa = PBXFileReference; lastKnownFileType = wrapper.framework; name = CoreData.framework; path = System/Library/Frameworks/CoreData.framework; sourceTree = SDKROOT; };
		FD41049416B3FCBF001E92C4 /* CoreLocation.framework */ = {isa = PBXFileReference; lastKnownFileType = wrapper.framework; name = CoreLocation.framework; path = System/Library/Frameworks/CoreLocation.framework; sourceTree = SDKROOT; };
		FD41049516B3FCBF001E92C4 /* CoreTelephony.framework */ = {isa = PBXFileReference; lastKnownFileType = wrapper.framework; name = CoreTelephony.framework; path = System/Library/Frameworks/CoreTelephony.framework; sourceTree = SDKROOT; };
		FD41049616B3FCBF001E92C4 /* QuartzCore.framework */ = {isa = PBXFileReference; lastKnownFileType = wrapper.framework; name = QuartzCore.framework; path = System/Library/Frameworks/QuartzCore.framework; sourceTree = SDKROOT; };
		FD41049716B3FCBF001E92C4 /* SystemConfiguration.framework */ = {isa = PBXFileReference; lastKnownFileType = wrapper.framework; name = SystemConfiguration.framework; path = System/Library/Frameworks/SystemConfiguration.framework; sourceTree = SDKROOT; };
		FD4104A016B3FEF7001E92C4 /* 09-chat-2.png */ = {isa = PBXFileReference; lastKnownFileType = image.png; path = "09-chat-2.png"; sourceTree = "<group>"; };
		FD4104A116B3FEF7001E92C4 /* 09-chat-2@2x.png */ = {isa = PBXFileReference; lastKnownFileType = image.png; path = "09-chat-2@2x.png"; sourceTree = "<group>"; };
		FD4104AC16B400DF001E92C4 /* SearchViewController.h */ = {isa = PBXFileReference; fileEncoding = 4; lastKnownFileType = sourcecode.c.h; path = SearchViewController.h; sourceTree = "<group>"; };
		FD4104AD16B400DF001E92C4 /* SearchViewController.m */ = {isa = PBXFileReference; fileEncoding = 4; lastKnownFileType = sourcecode.c.objc; path = SearchViewController.m; sourceTree = "<group>"; };
		FD4104B416B40149001E92C4 /* StatsViewController.h */ = {isa = PBXFileReference; fileEncoding = 4; lastKnownFileType = sourcecode.c.h; path = StatsViewController.h; sourceTree = "<group>"; };
		FD4104B516B40149001E92C4 /* StatsViewController.m */ = {isa = PBXFileReference; fileEncoding = 4; lastKnownFileType = sourcecode.c.objc; path = StatsViewController.m; sourceTree = "<group>"; };
		FD4104B716B40162001E92C4 /* TagsViewController.h */ = {isa = PBXFileReference; fileEncoding = 4; lastKnownFileType = sourcecode.c.h; path = TagsViewController.h; sourceTree = "<group>"; };
		FD4104B816B40162001E92C4 /* TagsViewController.m */ = {isa = PBXFileReference; fileEncoding = 4; lastKnownFileType = sourcecode.c.objc; path = TagsViewController.m; sourceTree = "<group>"; };
		FD4104BB16B4017A001E92C4 /* AddItemViewController.h */ = {isa = PBXFileReference; fileEncoding = 4; lastKnownFileType = sourcecode.c.h; path = AddItemViewController.h; sourceTree = "<group>"; };
		FD4104BC16B4017A001E92C4 /* AddItemViewController.m */ = {isa = PBXFileReference; fileEncoding = 4; lastKnownFileType = sourcecode.c.objc; path = AddItemViewController.m; sourceTree = "<group>"; };
		FD4104BE16B40276001E92C4 /* ProcedureCell.h */ = {isa = PBXFileReference; fileEncoding = 4; lastKnownFileType = sourcecode.c.h; path = ProcedureCell.h; sourceTree = "<group>"; };
		FD4104BF16B40276001E92C4 /* ProcedureCell.m */ = {isa = PBXFileReference; fileEncoding = 4; lastKnownFileType = sourcecode.c.objc; path = ProcedureCell.m; sourceTree = "<group>"; };
		FD4104C116B402CC001E92C4 /* RatingCell.h */ = {isa = PBXFileReference; fileEncoding = 4; lastKnownFileType = sourcecode.c.h; path = RatingCell.h; sourceTree = "<group>"; };
		FD4104C216B402CC001E92C4 /* RatingCell.m */ = {isa = PBXFileReference; fileEncoding = 4; lastKnownFileType = sourcecode.c.objc; path = RatingCell.m; sourceTree = "<group>"; };
		FD4104C416B402DC001E92C4 /* CommentCell.h */ = {isa = PBXFileReference; fileEncoding = 4; lastKnownFileType = sourcecode.c.h; path = CommentCell.h; sourceTree = "<group>"; };
		FD4104C516B402DC001E92C4 /* CommentCell.m */ = {isa = PBXFileReference; fileEncoding = 4; lastKnownFileType = sourcecode.c.objc; path = CommentCell.m; sourceTree = "<group>"; };
		FD4104C716B403B7001E92C4 /* PlayAudioCell.h */ = {isa = PBXFileReference; fileEncoding = 4; lastKnownFileType = sourcecode.c.h; path = PlayAudioCell.h; sourceTree = "<group>"; };
		FD4104C816B403B7001E92C4 /* PlayAudioCell.m */ = {isa = PBXFileReference; fileEncoding = 4; lastKnownFileType = sourcecode.c.objc; path = PlayAudioCell.m; sourceTree = "<group>"; };
		FD4104CB16B41FC1001E92C4 /* ProccedureLogDataModel.xcdatamodel */ = {isa = PBXFileReference; lastKnownFileType = wrapper.xcdatamodel; path = ProccedureLogDataModel.xcdatamodel; sourceTree = "<group>"; };
		FD47C76916B431870027AEDF /* star_empty.png */ = {isa = PBXFileReference; lastKnownFileType = image.png; path = star_empty.png; sourceTree = "<group>"; };
		FD47C76A16B431870027AEDF /* star_empty@2x.png */ = {isa = PBXFileReference; lastKnownFileType = image.png; path = "star_empty@2x.png"; sourceTree = "<group>"; };
		FD47C76B16B431870027AEDF /* star_full.png */ = {isa = PBXFileReference; lastKnownFileType = image.png; path = star_full.png; sourceTree = "<group>"; };
		FD47C76C16B431870027AEDF /* star_full@2x.png */ = {isa = PBXFileReference; lastKnownFileType = image.png; path = "star_full@2x.png"; sourceTree = "<group>"; };
		FD47C77216B4319F0027AEDF /* UIImageView+Reflected.h */ = {isa = PBXFileReference; fileEncoding = 4; lastKnownFileType = sourcecode.c.h; path = "UIImageView+Reflected.h"; sourceTree = "<group>"; };
		FD47C77316B4319F0027AEDF /* UIImageView+Reflected.m */ = {isa = PBXFileReference; fileEncoding = 4; lastKnownFileType = sourcecode.c.objc; path = "UIImageView+Reflected.m"; sourceTree = "<group>"; };
		FD47C77516B431A70027AEDF /* RSTapRateView.h */ = {isa = PBXFileReference; fileEncoding = 4; lastKnownFileType = sourcecode.c.h; path = RSTapRateView.h; sourceTree = "<group>"; };
		FD47C77616B431A70027AEDF /* RSTapRateView.m */ = {isa = PBXFileReference; fileEncoding = 4; lastKnownFileType = sourcecode.c.objc; path = RSTapRateView.m; sourceTree = "<group>"; };
		FD5C1A8016B4374E002DDB98 /* Item+Helper.h */ = {isa = PBXFileReference; fileEncoding = 4; lastKnownFileType = sourcecode.c.h; path = "Item+Helper.h"; sourceTree = "<group>"; };
		FD5C1A8116B4374E002DDB98 /* Item+Helper.m */ = {isa = PBXFileReference; fileEncoding = 4; lastKnownFileType = sourcecode.c.objc; path = "Item+Helper.m"; sourceTree = "<group>"; };
		FD5C1A8316B43760002DDB98 /* Recording+Helper.h */ = {isa = PBXFileReference; fileEncoding = 4; lastKnownFileType = sourcecode.c.h; path = "Recording+Helper.h"; sourceTree = "<group>"; };
		FD5C1A8416B43760002DDB98 /* Recording+Helper.m */ = {isa = PBXFileReference; fileEncoding = 4; lastKnownFileType = sourcecode.c.objc; path = "Recording+Helper.m"; sourceTree = "<group>"; };
		FD5C1A8616B43770002DDB98 /* Tag+Helper.h */ = {isa = PBXFileReference; fileEncoding = 4; lastKnownFileType = sourcecode.c.h; path = "Tag+Helper.h"; sourceTree = "<group>"; };
		FD5C1A8716B43770002DDB98 /* Tag+Helper.m */ = {isa = PBXFileReference; fileEncoding = 4; lastKnownFileType = sourcecode.c.objc; path = "Tag+Helper.m"; sourceTree = "<group>"; };
		FD5C1A8916B437B8002DDB98 /* User.h */ = {isa = PBXFileReference; fileEncoding = 4; lastKnownFileType = sourcecode.c.h; path = User.h; sourceTree = "<group>"; };
		FD5C1A8A16B437B8002DDB98 /* User.m */ = {isa = PBXFileReference; fileEncoding = 4; lastKnownFileType = sourcecode.c.objc; path = User.m; sourceTree = "<group>"; };
		FDDB7E3C16B52F350044368B /* AFHTTPClient.h */ = {isa = PBXFileReference; fileEncoding = 4; lastKnownFileType = sourcecode.c.h; path = AFHTTPClient.h; sourceTree = "<group>"; };
		FDDB7E3D16B52F350044368B /* AFHTTPClient.m */ = {isa = PBXFileReference; fileEncoding = 4; lastKnownFileType = sourcecode.c.objc; path = AFHTTPClient.m; sourceTree = "<group>"; };
		FDDB7E3E16B52F350044368B /* AFHTTPRequestOperation.h */ = {isa = PBXFileReference; fileEncoding = 4; lastKnownFileType = sourcecode.c.h; path = AFHTTPRequestOperation.h; sourceTree = "<group>"; };
		FDDB7E3F16B52F350044368B /* AFHTTPRequestOperation.m */ = {isa = PBXFileReference; fileEncoding = 4; lastKnownFileType = sourcecode.c.objc; path = AFHTTPRequestOperation.m; sourceTree = "<group>"; };
		FDDB7E4016B52F350044368B /* AFImageRequestOperation.h */ = {isa = PBXFileReference; fileEncoding = 4; lastKnownFileType = sourcecode.c.h; path = AFImageRequestOperation.h; sourceTree = "<group>"; };
		FDDB7E4116B52F350044368B /* AFImageRequestOperation.m */ = {isa = PBXFileReference; fileEncoding = 4; lastKnownFileType = sourcecode.c.objc; path = AFImageRequestOperation.m; sourceTree = "<group>"; };
		FDDB7E4216B52F350044368B /* AFJSONRequestOperation.h */ = {isa = PBXFileReference; fileEncoding = 4; lastKnownFileType = sourcecode.c.h; path = AFJSONRequestOperation.h; sourceTree = "<group>"; };
		FDDB7E4316B52F350044368B /* AFJSONRequestOperation.m */ = {isa = PBXFileReference; fileEncoding = 4; lastKnownFileType = sourcecode.c.objc; path = AFJSONRequestOperation.m; sourceTree = "<group>"; };
		FDDB7E4416B52F350044368B /* AFNetworkActivityIndicatorManager.h */ = {isa = PBXFileReference; fileEncoding = 4; lastKnownFileType = sourcecode.c.h; path = AFNetworkActivityIndicatorManager.h; sourceTree = "<group>"; };
		FDDB7E4516B52F350044368B /* AFNetworkActivityIndicatorManager.m */ = {isa = PBXFileReference; fileEncoding = 4; lastKnownFileType = sourcecode.c.objc; path = AFNetworkActivityIndicatorManager.m; sourceTree = "<group>"; };
		FDDB7E4616B52F350044368B /* AFNetworking.h */ = {isa = PBXFileReference; fileEncoding = 4; lastKnownFileType = sourcecode.c.h; path = AFNetworking.h; sourceTree = "<group>"; };
		FDDB7E4716B52F350044368B /* AFPropertyListRequestOperation.h */ = {isa = PBXFileReference; fileEncoding = 4; lastKnownFileType = sourcecode.c.h; path = AFPropertyListRequestOperation.h; sourceTree = "<group>"; };
		FDDB7E4816B52F350044368B /* AFPropertyListRequestOperation.m */ = {isa = PBXFileReference; fileEncoding = 4; lastKnownFileType = sourcecode.c.objc; path = AFPropertyListRequestOperation.m; sourceTree = "<group>"; };
		FDDB7E4916B52F350044368B /* AFURLConnectionOperation.h */ = {isa = PBXFileReference; fileEncoding = 4; lastKnownFileType = sourcecode.c.h; path = AFURLConnectionOperation.h; sourceTree = "<group>"; };
		FDDB7E4A16B52F350044368B /* AFURLConnectionOperation.m */ = {isa = PBXFileReference; fileEncoding = 4; lastKnownFileType = sourcecode.c.objc; path = AFURLConnectionOperation.m; sourceTree = "<group>"; };
		FDDB7E4B16B52F350044368B /* AFXMLRequestOperation.h */ = {isa = PBXFileReference; fileEncoding = 4; lastKnownFileType = sourcecode.c.h; path = AFXMLRequestOperation.h; sourceTree = "<group>"; };
		FDDB7E4C16B52F350044368B /* AFXMLRequestOperation.m */ = {isa = PBXFileReference; fileEncoding = 4; lastKnownFileType = sourcecode.c.objc; path = AFXMLRequestOperation.m; sourceTree = "<group>"; };
		FDDB7E4D16B52F350044368B /* UIImageView+AFNetworking.h */ = {isa = PBXFileReference; fileEncoding = 4; lastKnownFileType = sourcecode.c.h; path = "UIImageView+AFNetworking.h"; sourceTree = "<group>"; };
		FDDB7E4E16B52F350044368B /* UIImageView+AFNetworking.m */ = {isa = PBXFileReference; fileEncoding = 4; lastKnownFileType = sourcecode.c.objc; path = "UIImageView+AFNetworking.m"; sourceTree = "<group>"; };
/* End PBXFileReference section */

/* Begin PBXFrameworksBuildPhase section */
		FD4103EF16B3F19D001E92C4 /* Frameworks */ = {
			isa = PBXFrameworksBuildPhase;
			buildActionMask = 2147483647;
			files = (
				C7253CD216B42FD3009B5CBE /* AVFoundation.framework in Frameworks */,
				FD41049816B3FCBF001E92C4 /* Accounts.framework in Frameworks */,
				FD41049916B3FCBF001E92C4 /* AddressBook.framework in Frameworks */,
				FD41049A16B3FCBF001E92C4 /* AddressBookUI.framework in Frameworks */,
				FD41049B16B3FCBF001E92C4 /* CoreData.framework in Frameworks */,
				FD41049C16B3FCBF001E92C4 /* CoreLocation.framework in Frameworks */,
				FD41049D16B3FCBF001E92C4 /* CoreTelephony.framework in Frameworks */,
				FD41049E16B3FCBF001E92C4 /* QuartzCore.framework in Frameworks */,
				FD41049F16B3FCBF001E92C4 /* SystemConfiguration.framework in Frameworks */,
				FD4103F716B3F19D001E92C4 /* UIKit.framework in Frameworks */,
				FD4103F916B3F19D001E92C4 /* Foundation.framework in Frameworks */,
				FD4103FB16B3F19D001E92C4 /* CoreGraphics.framework in Frameworks */,
			);
			runOnlyForDeploymentPostprocessing = 0;
		};
/* End PBXFrameworksBuildPhase section */

/* Begin PBXGroup section */
		FD08FE9716B43C8F00C8C8F3 /* Config */ = {
			isa = PBXGroup;
			children = (
				FD08FE9816B43C9900C8C8F3 /* Config.h */,
			);
			name = Config;
			sourceTree = "<group>";
		};
		FD4103E716B3F19D001E92C4 = {
			isa = PBXGroup;
			children = (
				C7253CD116B42FD3009B5CBE /* AVFoundation.framework */,
				FD4103FC16B3F19D001E92C4 /* ProcedureLog */,
				FD4103F516B3F19D001E92C4 /* Frameworks */,
				FD4103F316B3F19D001E92C4 /* Products */,
			);
			sourceTree = "<group>";
		};
		FD4103F316B3F19D001E92C4 /* Products */ = {
			isa = PBXGroup;
			children = (
				FD4103F216B3F19D001E92C4 /* QuickLog.app */,
			);
			name = Products;
			sourceTree = "<group>";
		};
		FD4103F516B3F19D001E92C4 /* Frameworks */ = {
			isa = PBXGroup;
			children = (
				FD41049016B3FCBF001E92C4 /* Accounts.framework */,
				FD41049116B3FCBF001E92C4 /* AddressBook.framework */,
				FD41049216B3FCBF001E92C4 /* AddressBookUI.framework */,
				FD41049316B3FCBF001E92C4 /* CoreData.framework */,
				FD41049416B3FCBF001E92C4 /* CoreLocation.framework */,
				FD41049516B3FCBF001E92C4 /* CoreTelephony.framework */,
				FD41049616B3FCBF001E92C4 /* QuartzCore.framework */,
				FD41049716B3FCBF001E92C4 /* SystemConfiguration.framework */,
				FD4103F616B3F19D001E92C4 /* UIKit.framework */,
				FD4103F816B3F19D001E92C4 /* Foundation.framework */,
				FD4103FA16B3F19D001E92C4 /* CoreGraphics.framework */,
			);
			name = Frameworks;
			sourceTree = "<group>";
		};
		FD4103FC16B3F19D001E92C4 /* ProcedureLog */ = {
			isa = PBXGroup;
			children = (
				FD41048D16B3FB6B001E92C4 /* App */,
				FD41048C16B3FB60001E92C4 /* ThirdParty */,
				FD41042416B3F48A001E92C4 /* Resources */,
				FD41040516B3F19D001E92C4 /* AppDelegate.h */,
				FD41040616B3F19D001E92C4 /* AppDelegate.m */,
				FD41040E16B3F19E001E92C4 /* MainStoryboard.storyboard */,
				FD4103FD16B3F19D001E92C4 /* Supporting Files */,
			);
			path = ProcedureLog;
			sourceTree = "<group>";
		};
		FD4103FD16B3F19D001E92C4 /* Supporting Files */ = {
			isa = PBXGroup;
			children = (
				FD370D2E16B54CD200746561 /* Icon-72.png */,
				FD370D2F16B54CD200746561 /* Icon-72@2x.png */,
				FD370D3016B54CD300746561 /* Icon-Small-50.png */,
				FD370D3116B54CD300746561 /* Icon-Small-50@2x.png */,
				FD370D3216B54CD300746561 /* Icon-Small.png */,
				FD370D3316B54CD300746561 /* Icon-Small@2x.png */,
				FD370D3416B54CD300746561 /* Icon.png */,
				FD370D3516B54CD300746561 /* Icon@2x.png */,
				FD370D3616B54CD300746561 /* iTunesArtwork512 */,
				FD370D3716B54CD300746561 /* iTunesArtwork1024 */,
				FD4103FE16B3F19D001E92C4 /* ProcedureLog-Info.plist */,
				FD4103FF16B3F19D001E92C4 /* InfoPlist.strings */,
				FD41040216B3F19D001E92C4 /* main.m */,
				FD41040416B3F19D001E92C4 /* ProcedureLog-Prefix.pch */,
				FD41040816B3F19D001E92C4 /* Default.png */,
				FD41040A16B3F19D001E92C4 /* Default@2x.png */,
				FD41040C16B3F19D001E92C4 /* Default-568h@2x.png */,
			);
			name = "Supporting Files";
			sourceTree = "<group>";
		};
		FD41042416B3F48A001E92C4 /* Resources */ = {
			isa = PBXGroup;
			children = (
				FD4104A016B3FEF7001E92C4 /* 09-chat-2.png */,
				FD4104A116B3FEF7001E92C4 /* 09-chat-2@2x.png */,
				FD41042916B3F592001E92C4 /* 14-tag.png */,
				FD41042A16B3F592001E92C4 /* 14-tag@2x.png */,
				FD41042516B3F494001E92C4 /* 10-medical.png */,
				FD41042616B3F494001E92C4 /* 10-medical@2x.png */,
				FD41042D16B3F62A001E92C4 /* 16-line-chart.png */,
				FD41042E16B3F62A001E92C4 /* 16-line-chart@2x.png */,
				FD4104CA16B41FC1001E92C4 /* ProccedureLogDataModel.xcdatamodeld */,
			);
			name = Resources;
			sourceTree = "<group>";
		};
		FD41043516B3FB5C001E92C4 /* MagicalRecord */ = {
			isa = PBXGroup;
			children = (
				FD41043616B3FB5C001E92C4 /* Categories */,
				FD41046016B3FB5C001E92C4 /* Core */,
				FD41047016B3FB5C001E92C4 /* CoreData+MagicalRecord.h */,
			);
			path = MagicalRecord;
			sourceTree = "<group>";
		};
		FD41043616B3FB5C001E92C4 /* Categories */ = {
			isa = PBXGroup;
			children = (
				FD41043716B3FB5C001E92C4 /* DataImport */,
				FD41044616B3FB5C001E92C4 /* NSManagedObject */,
				FD41045116B3FB5C001E92C4 /* NSManagedObjectContext */,
				FD41045A16B3FB5C001E92C4 /* NSManagedObjectModel+MagicalRecord.h */,
				FD41045B16B3FB5C001E92C4 /* NSManagedObjectModel+MagicalRecord.m */,
				FD41045C16B3FB5C001E92C4 /* NSPersistentStore+MagicalRecord.h */,
				FD41045D16B3FB5C001E92C4 /* NSPersistentStore+MagicalRecord.m */,
				FD41045E16B3FB5C001E92C4 /* NSPersistentStoreCoordinator+MagicalRecord.h */,
				FD41045F16B3FB5C001E92C4 /* NSPersistentStoreCoordinator+MagicalRecord.m */,
			);
			path = Categories;
			sourceTree = "<group>";
		};
		FD41043716B3FB5C001E92C4 /* DataImport */ = {
			isa = PBXGroup;
			children = (
				FD41043816B3FB5C001E92C4 /* MagicalImportFunctions.h */,
				FD41043916B3FB5C001E92C4 /* MagicalImportFunctions.m */,
				FD41043A16B3FB5C001E92C4 /* NSAttributeDescription+MagicalDataImport.h */,
				FD41043B16B3FB5C001E92C4 /* NSAttributeDescription+MagicalDataImport.m */,
				FD41043C16B3FB5C001E92C4 /* NSEntityDescription+MagicalDataImport.h */,
				FD41043D16B3FB5C001E92C4 /* NSEntityDescription+MagicalDataImport.m */,
				FD41043E16B3FB5C001E92C4 /* NSNumber+MagicalDataImport.h */,
				FD41043F16B3FB5C001E92C4 /* NSNumber+MagicalDataImport.m */,
				FD41044016B3FB5C001E92C4 /* NSObject+MagicalDataImport.h */,
				FD41044116B3FB5C001E92C4 /* NSObject+MagicalDataImport.m */,
				FD41044216B3FB5C001E92C4 /* NSRelationshipDescription+MagicalDataImport.h */,
				FD41044316B3FB5C001E92C4 /* NSRelationshipDescription+MagicalDataImport.m */,
				FD41044416B3FB5C001E92C4 /* NSString+MagicalDataImport.h */,
				FD41044516B3FB5C001E92C4 /* NSString+MagicalDataImport.m */,
			);
			path = DataImport;
			sourceTree = "<group>";
		};
		FD41044616B3FB5C001E92C4 /* NSManagedObject */ = {
			isa = PBXGroup;
			children = (
				FD41044716B3FB5C001E92C4 /* NSManagedObject+MagicalAggregation.h */,
				FD41044816B3FB5C001E92C4 /* NSManagedObject+MagicalAggregation.m */,
				FD41044916B3FB5C001E92C4 /* NSManagedObject+MagicalDataImport.h */,
				FD41044A16B3FB5C001E92C4 /* NSManagedObject+MagicalDataImport.m */,
				FD41044B16B3FB5C001E92C4 /* NSManagedObject+MagicalFinders.h */,
				FD41044C16B3FB5C001E92C4 /* NSManagedObject+MagicalFinders.m */,
				FD41044D16B3FB5C001E92C4 /* NSManagedObject+MagicalRecord.h */,
				FD41044E16B3FB5C001E92C4 /* NSManagedObject+MagicalRecord.m */,
				FD41044F16B3FB5C001E92C4 /* NSManagedObject+MagicalRequests.h */,
				FD41045016B3FB5C001E92C4 /* NSManagedObject+MagicalRequests.m */,
			);
			path = NSManagedObject;
			sourceTree = "<group>";
		};
		FD41045116B3FB5C001E92C4 /* NSManagedObjectContext */ = {
			isa = PBXGroup;
			children = (
				FD41045216B3FB5C001E92C4 /* NSManagedObjectContext+MagicalObserving.h */,
				FD41045316B3FB5C001E92C4 /* NSManagedObjectContext+MagicalObserving.m */,
				FD41045416B3FB5C001E92C4 /* NSManagedObjectContext+MagicalRecord.h */,
				FD41045516B3FB5C001E92C4 /* NSManagedObjectContext+MagicalRecord.m */,
				FD41045616B3FB5C001E92C4 /* NSManagedObjectContext+MagicalSaves.h */,
				FD41045716B3FB5C001E92C4 /* NSManagedObjectContext+MagicalSaves.m */,
				FD41045816B3FB5C001E92C4 /* NSManagedObjectContext+MagicalThreading.h */,
				FD41045916B3FB5C001E92C4 /* NSManagedObjectContext+MagicalThreading.m */,
			);
			path = NSManagedObjectContext;
			sourceTree = "<group>";
		};
		FD41046016B3FB5C001E92C4 /* Core */ = {
			isa = PBXGroup;
			children = (
				FD41046116B3FB5C001E92C4 /* MagicalRecord+Actions.h */,
				FD41046216B3FB5C001E92C4 /* MagicalRecord+Actions.m */,
				FD41046316B3FB5C001E92C4 /* MagicalRecord+ErrorHandling.h */,
				FD41046416B3FB5C001E92C4 /* MagicalRecord+ErrorHandling.m */,
				FD41046516B3FB5C001E92C4 /* MagicalRecord+iCloud.h */,
				FD41046616B3FB5C001E92C4 /* MagicalRecord+iCloud.m */,
				FD41046716B3FB5C001E92C4 /* MagicalRecord+Options.h */,
				FD41046816B3FB5C001E92C4 /* MagicalRecord+Options.m */,
				FD41046916B3FB5C001E92C4 /* MagicalRecord+Setup.h */,
				FD41046A16B3FB5C001E92C4 /* MagicalRecord+Setup.m */,
				FD41046B16B3FB5C001E92C4 /* MagicalRecord+ShorthandSupport.h */,
				FD41046C16B3FB5C001E92C4 /* MagicalRecord+ShorthandSupport.m */,
				FD41046D16B3FB5C001E92C4 /* MagicalRecord.h */,
				FD41046E16B3FB5C001E92C4 /* MagicalRecord.m */,
				FD41046F16B3FB5C001E92C4 /* MagicalRecordShorthand.h */,
			);
			path = Core;
			sourceTree = "<group>";
		};
		FD41048C16B3FB60001E92C4 /* ThirdParty */ = {
			isa = PBXGroup;
			children = (
				FDE3EB0316B4344C001B4FDD /* AFNetworking */,
				FD47C77116B431950027AEDF /* RateStars */,
				FD41043516B3FB5C001E92C4 /* MagicalRecord */,
			);
			name = ThirdParty;
			sourceTree = "<group>";
		};
		FD41048D16B3FB6B001E92C4 /* App */ = {
			isa = PBXGroup;
			children = (
				FD08FE9716B43C8F00C8C8F3 /* Config */,
				FD41048F16B3FB75001E92C4 /* Model */,
				FD41048E16B3FB70001E92C4 /* UI */,
				FD08FE8816B43B3500C8C8F3 /* NSString+Helper.h */,
				FD08FE8916B43B3500C8C8F3 /* NSString+Helper.m */,
			);
			name = App;
			sourceTree = "<group>";
		};
		FD41048E16B3FB70001E92C4 /* UI */ = {
			isa = PBXGroup;
			children = (
				FD4104BA16B4016A001E92C4 /* AddItemViewController */,
				FD4104B316B40130001E92C4 /* StatsViewController */,
				FD4104AF16B40103001E92C4 /* TagsViewController */,
				FD4104A416B4007C001E92C4 /* SearchViewController */,
			);
			name = UI;
			sourceTree = "<group>";
		};
		FD41048F16B3FB75001E92C4 /* Model */ = {
			isa = PBXGroup;
			children = (
				FD5C1A8016B4374E002DDB98 /* Item+Helper.h */,
				FD5C1A8116B4374E002DDB98 /* Item+Helper.m */,
				C7253CE016B43534009B5CBE /* Recording.h */,
				C7253CE116B43534009B5CBE /* Recording.m */,
				FD5C1A8316B43760002DDB98 /* Recording+Helper.h */,
				FD5C1A8416B43760002DDB98 /* Recording+Helper.m */,
				FD5C1A8616B43770002DDB98 /* Tag+Helper.h */,
				FD5C1A8716B43770002DDB98 /* Tag+Helper.m */,
				FD5C1A8916B437B8002DDB98 /* User.h */,
				FD5C1A8A16B437B8002DDB98 /* User.m */,
				C7253D0F16B54152009B5CBE /* Tag.h */,
				C7253D1016B54152009B5CBE /* Tag.m */,
				C7253D0C16B54151009B5CBE /* Item.h */,
				C7253D0D16B54151009B5CBE /* Item.m */,
			);
			name = Model;
			sourceTree = "<group>";
		};
		FD4104A416B4007C001E92C4 /* SearchViewController */ = {
			isa = PBXGroup;
			children = (
				FD4104AC16B400DF001E92C4 /* SearchViewController.h */,
				FD4104AD16B400DF001E92C4 /* SearchViewController.m */,
			);
			name = SearchViewController;
			sourceTree = "<group>";
		};
		FD4104AF16B40103001E92C4 /* TagsViewController */ = {
			isa = PBXGroup;
			children = (
				FD4104B716B40162001E92C4 /* TagsViewController.h */,
				FD4104B816B40162001E92C4 /* TagsViewController.m */,
			);
			name = TagsViewController;
			sourceTree = "<group>";
		};
		FD4104B316B40130001E92C4 /* StatsViewController */ = {
			isa = PBXGroup;
			children = (
				FD4104B416B40149001E92C4 /* StatsViewController.h */,
				FD4104B516B40149001E92C4 /* StatsViewController.m */,
			);
			name = StatsViewController;
			sourceTree = "<group>";
		};
		FD4104BA16B4016A001E92C4 /* AddItemViewController */ = {
			isa = PBXGroup;
			children = (
				FD4104BB16B4017A001E92C4 /* AddItemViewController.h */,
				FD4104BC16B4017A001E92C4 /* AddItemViewController.m */,
				FD4104BE16B40276001E92C4 /* ProcedureCell.h */,
				FD4104BF16B40276001E92C4 /* ProcedureCell.m */,
				FD4104C116B402CC001E92C4 /* RatingCell.h */,
				FD4104C216B402CC001E92C4 /* RatingCell.m */,
				FD4104C416B402DC001E92C4 /* CommentCell.h */,
				FD4104C516B402DC001E92C4 /* CommentCell.m */,
				FD4104C716B403B7001E92C4 /* PlayAudioCell.h */,
				FD4104C816B403B7001E92C4 /* PlayAudioCell.m */,
				C7253CBA16B410CB009B5CBE /* RecordAudioCell.h */,
				C7253CBB16B410CB009B5CBE /* RecordAudioCell.m */,
				C7253CCA16B42485009B5CBE /* DoRecordAudioCell.h */,
				C7253CCB16B42485009B5CBE /* DoRecordAudioCell.m */,
			);
			name = AddItemViewController;
			sourceTree = "<group>";
		};
		FD47C77116B431950027AEDF /* RateStars */ = {
			isa = PBXGroup;
			children = (
				FD47C76916B431870027AEDF /* star_empty.png */,
				FD47C76A16B431870027AEDF /* star_empty@2x.png */,
				FD47C76B16B431870027AEDF /* star_full.png */,
				FD47C76C16B431870027AEDF /* star_full@2x.png */,
				FD47C77516B431A70027AEDF /* RSTapRateView.h */,
				FD47C77616B431A70027AEDF /* RSTapRateView.m */,
				FD47C77216B4319F0027AEDF /* UIImageView+Reflected.h */,
				FD47C77316B4319F0027AEDF /* UIImageView+Reflected.m */,
			);
			name = RateStars;
			sourceTree = "<group>";
		};
		FDE3EB0316B4344C001B4FDD /* AFNetworking */ = {
			isa = PBXGroup;
			children = (
				FDDB7E3C16B52F350044368B /* AFHTTPClient.h */,
				FDDB7E3D16B52F350044368B /* AFHTTPClient.m */,
				FDDB7E3E16B52F350044368B /* AFHTTPRequestOperation.h */,
				FDDB7E3F16B52F350044368B /* AFHTTPRequestOperation.m */,
				FDDB7E4016B52F350044368B /* AFImageRequestOperation.h */,
				FDDB7E4116B52F350044368B /* AFImageRequestOperation.m */,
				FDDB7E4216B52F350044368B /* AFJSONRequestOperation.h */,
				FDDB7E4316B52F350044368B /* AFJSONRequestOperation.m */,
				FDDB7E4416B52F350044368B /* AFNetworkActivityIndicatorManager.h */,
				FDDB7E4516B52F350044368B /* AFNetworkActivityIndicatorManager.m */,
				FDDB7E4616B52F350044368B /* AFNetworking.h */,
				FDDB7E4716B52F350044368B /* AFPropertyListRequestOperation.h */,
				FDDB7E4816B52F350044368B /* AFPropertyListRequestOperation.m */,
				FDDB7E4916B52F350044368B /* AFURLConnectionOperation.h */,
				FDDB7E4A16B52F350044368B /* AFURLConnectionOperation.m */,
				FDDB7E4B16B52F350044368B /* AFXMLRequestOperation.h */,
				FDDB7E4C16B52F350044368B /* AFXMLRequestOperation.m */,
				FDDB7E4D16B52F350044368B /* UIImageView+AFNetworking.h */,
				FDDB7E4E16B52F350044368B /* UIImageView+AFNetworking.m */,
			);
			path = AFNetworking;
			sourceTree = "<group>";
		};
/* End PBXGroup section */

/* Begin PBXNativeTarget section */
		FD4103F116B3F19D001E92C4 /* QuickLog */ = {
			isa = PBXNativeTarget;
			buildConfigurationList = FD41042116B3F19E001E92C4 /* Build configuration list for PBXNativeTarget "QuickLog" */;
			buildPhases = (
				FD4103EE16B3F19D001E92C4 /* Sources */,
				FD4103EF16B3F19D001E92C4 /* Frameworks */,
				FD4103F016B3F19D001E92C4 /* Resources */,
			);
			buildRules = (
			);
			dependencies = (
			);
			name = QuickLog;
			productName = ProcedureLog;
			productReference = FD4103F216B3F19D001E92C4 /* QuickLog.app */;
			productType = "com.apple.product-type.application";
		};
/* End PBXNativeTarget section */

/* Begin PBXProject section */
		FD4103E916B3F19D001E92C4 /* Project object */ = {
			isa = PBXProject;
			attributes = {
				LastUpgradeCheck = 0450;
				ORGANIZATIONNAME = "Intohand Ltd";
			};
			buildConfigurationList = FD4103EC16B3F19D001E92C4 /* Build configuration list for PBXProject "ProcedureLog" */;
			compatibilityVersion = "Xcode 3.2";
			developmentRegion = English;
			hasScannedForEncodings = 0;
			knownRegions = (
				en,
			);
			mainGroup = FD4103E716B3F19D001E92C4;
			productRefGroup = FD4103F316B3F19D001E92C4 /* Products */;
			projectDirPath = "";
			projectRoot = "";
			targets = (
				FD4103F116B3F19D001E92C4 /* QuickLog */,
			);
		};
/* End PBXProject section */

/* Begin PBXResourcesBuildPhase section */
		FD4103F016B3F19D001E92C4 /* Resources */ = {
			isa = PBXResourcesBuildPhase;
			buildActionMask = 2147483647;
			files = (
				FD41040116B3F19D001E92C4 /* InfoPlist.strings in Resources */,
				FD41040916B3F19D001E92C4 /* Default.png in Resources */,
				FD41040B16B3F19D001E92C4 /* Default@2x.png in Resources */,
				FD41040D16B3F19D001E92C4 /* Default-568h@2x.png in Resources */,
				FD41041016B3F19E001E92C4 /* MainStoryboard.storyboard in Resources */,
				FD41042716B3F494001E92C4 /* 10-medical.png in Resources */,
				FD41042816B3F494001E92C4 /* 10-medical@2x.png in Resources */,
				FD41042B16B3F592001E92C4 /* 14-tag.png in Resources */,
				FD41042C16B3F592001E92C4 /* 14-tag@2x.png in Resources */,
				FD41042F16B3F62A001E92C4 /* 16-line-chart.png in Resources */,
				FD41043016B3F62A001E92C4 /* 16-line-chart@2x.png in Resources */,
				FD4104A216B3FEF7001E92C4 /* 09-chat-2.png in Resources */,
				FD4104A316B3FEF7001E92C4 /* 09-chat-2@2x.png in Resources */,
				FD47C76D16B431870027AEDF /* star_empty.png in Resources */,
				FD47C76E16B431870027AEDF /* star_empty@2x.png in Resources */,
				FD47C76F16B431870027AEDF /* star_full.png in Resources */,
				FD47C77016B431870027AEDF /* star_full@2x.png in Resources */,
				FD370D3816B54CD300746561 /* Icon-72.png in Resources */,
				FD370D3916B54CD300746561 /* Icon-72@2x.png in Resources */,
				FD370D3A16B54CD300746561 /* Icon-Small-50.png in Resources */,
				FD370D3B16B54CD300746561 /* Icon-Small-50@2x.png in Resources */,
				FD370D3C16B54CD300746561 /* Icon-Small.png in Resources */,
				FD370D3D16B54CD300746561 /* Icon-Small@2x.png in Resources */,
				FD370D3E16B54CD300746561 /* Icon.png in Resources */,
				FD370D3F16B54CD300746561 /* Icon@2x.png in Resources */,
				FD370D4016B54CD300746561 /* iTunesArtwork512 in Resources */,
				FD370D4116B54CD300746561 /* iTunesArtwork1024 in Resources */,
			);
			runOnlyForDeploymentPostprocessing = 0;
		};
/* End PBXResourcesBuildPhase section */

/* Begin PBXSourcesBuildPhase section */
		FD4103EE16B3F19D001E92C4 /* Sources */ = {
			isa = PBXSourcesBuildPhase;
			buildActionMask = 2147483647;
			files = (
				FD41040316B3F19D001E92C4 /* main.m in Sources */,
				FD41040716B3F19D001E92C4 /* AppDelegate.m in Sources */,
				FD41047116B3FB5C001E92C4 /* MagicalImportFunctions.m in Sources */,
				FD41047216B3FB5C001E92C4 /* NSAttributeDescription+MagicalDataImport.m in Sources */,
				FD41047316B3FB5C001E92C4 /* NSEntityDescription+MagicalDataImport.m in Sources */,
				FD41047416B3FB5C001E92C4 /* NSNumber+MagicalDataImport.m in Sources */,
				FD41047516B3FB5C001E92C4 /* NSObject+MagicalDataImport.m in Sources */,
				FD41047616B3FB5C001E92C4 /* NSRelationshipDescription+MagicalDataImport.m in Sources */,
				FD41047716B3FB5C001E92C4 /* NSString+MagicalDataImport.m in Sources */,
				FD41047816B3FB5C001E92C4 /* NSManagedObject+MagicalAggregation.m in Sources */,
				FD41047916B3FB5C001E92C4 /* NSManagedObject+MagicalDataImport.m in Sources */,
				FD41047A16B3FB5C001E92C4 /* NSManagedObject+MagicalFinders.m in Sources */,
				FD41047B16B3FB5C001E92C4 /* NSManagedObject+MagicalRecord.m in Sources */,
				FD41047C16B3FB5C001E92C4 /* NSManagedObject+MagicalRequests.m in Sources */,
				FD41047D16B3FB5C001E92C4 /* NSManagedObjectContext+MagicalObserving.m in Sources */,
				FD41047E16B3FB5C001E92C4 /* NSManagedObjectContext+MagicalRecord.m in Sources */,
				FD41047F16B3FB5C001E92C4 /* NSManagedObjectContext+MagicalSaves.m in Sources */,
				FD41048016B3FB5C001E92C4 /* NSManagedObjectContext+MagicalThreading.m in Sources */,
				FD41048116B3FB5C001E92C4 /* NSManagedObjectModel+MagicalRecord.m in Sources */,
				FD41048216B3FB5C001E92C4 /* NSPersistentStore+MagicalRecord.m in Sources */,
				FD41048316B3FB5C001E92C4 /* NSPersistentStoreCoordinator+MagicalRecord.m in Sources */,
				FD41048416B3FB5C001E92C4 /* MagicalRecord+Actions.m in Sources */,
				FD41048516B3FB5C001E92C4 /* MagicalRecord+ErrorHandling.m in Sources */,
				FD41048616B3FB5C001E92C4 /* MagicalRecord+iCloud.m in Sources */,
				FD41048716B3FB5C001E92C4 /* MagicalRecord+Options.m in Sources */,
				FD41048816B3FB5C001E92C4 /* MagicalRecord+Setup.m in Sources */,
				FD41048916B3FB5C001E92C4 /* MagicalRecord+ShorthandSupport.m in Sources */,
				FD41048A16B3FB5C001E92C4 /* MagicalRecord.m in Sources */,
				FD4104AE16B400DF001E92C4 /* SearchViewController.m in Sources */,
				FD4104B616B40149001E92C4 /* StatsViewController.m in Sources */,
				FD4104B916B40162001E92C4 /* TagsViewController.m in Sources */,
				FD4104BD16B4017A001E92C4 /* AddItemViewController.m in Sources */,
				FD4104C016B40276001E92C4 /* ProcedureCell.m in Sources */,
				FD4104C316B402CC001E92C4 /* RatingCell.m in Sources */,
				FD4104C616B402DC001E92C4 /* CommentCell.m in Sources */,
				FD4104C916B403B7001E92C4 /* PlayAudioCell.m in Sources */,
				C7253CBC16B410CB009B5CBE /* RecordAudioCell.m in Sources */,
				C7253CCC16B42486009B5CBE /* DoRecordAudioCell.m in Sources */,
				FD4104CC16B41FC1001E92C4 /* ProccedureLogDataModel.xcdatamodeld in Sources */,
				FD47C77416B4319F0027AEDF /* UIImageView+Reflected.m in Sources */,
				FD47C77716B431A70027AEDF /* RSTapRateView.m in Sources */,
				C7253CE216B43534009B5CBE /* Recording.m in Sources */,
				FD5C1A8216B4374E002DDB98 /* Item+Helper.m in Sources */,
				FD5C1A8516B43760002DDB98 /* Recording+Helper.m in Sources */,
				FD5C1A8816B43770002DDB98 /* Tag+Helper.m in Sources */,
				FD5C1A8B16B437B8002DDB98 /* User.m in Sources */,
				FD08FE8A16B43B3500C8C8F3 /* NSString+Helper.m in Sources */,
				FDDB7E4F16B52F350044368B /* AFHTTPClient.m in Sources */,
				FDDB7E5016B52F350044368B /* AFHTTPRequestOperation.m in Sources */,
				FDDB7E5116B52F350044368B /* AFImageRequestOperation.m in Sources */,
				FDDB7E5216B52F350044368B /* AFJSONRequestOperation.m in Sources */,
				FDDB7E5316B52F350044368B /* AFNetworkActivityIndicatorManager.m in Sources */,
				FDDB7E5416B52F350044368B /* AFPropertyListRequestOperation.m in Sources */,
				FDDB7E5516B52F350044368B /* AFURLConnectionOperation.m in Sources */,
				FDDB7E5616B52F350044368B /* AFXMLRequestOperation.m in Sources */,
				FDDB7E5716B52F350044368B /* UIImageView+AFNetworking.m in Sources */,
				C7253D0E16B54151009B5CBE /* Item.m in Sources */,
				C7253D1116B54152009B5CBE /* Tag.m in Sources */,
			);
			runOnlyForDeploymentPostprocessing = 0;
		};
/* End PBXSourcesBuildPhase section */

/* Begin PBXVariantGroup section */
		FD4103FF16B3F19D001E92C4 /* InfoPlist.strings */ = {
			isa = PBXVariantGroup;
			children = (
				FD41040016B3F19D001E92C4 /* en */,
			);
			name = InfoPlist.strings;
			sourceTree = "<group>";
		};
		FD41040E16B3F19E001E92C4 /* MainStoryboard.storyboard */ = {
			isa = PBXVariantGroup;
			children = (
				FD41040F16B3F19E001E92C4 /* en */,
			);
			name = MainStoryboard.storyboard;
			sourceTree = "<group>";
		};
/* End PBXVariantGroup section */

/* Begin XCBuildConfiguration section */
		FD41041F16B3F19E001E92C4 /* Debug */ = {
			isa = XCBuildConfiguration;
			buildSettings = {
				ALWAYS_SEARCH_USER_PATHS = NO;
				CLANG_CXX_LANGUAGE_STANDARD = "gnu++0x";
				CLANG_CXX_LIBRARY = "libc++";
				CLANG_ENABLE_OBJC_ARC = YES;
				CLANG_WARN_EMPTY_BODY = YES;
				CLANG_WARN__DUPLICATE_METHOD_MATCH = YES;
				"CODE_SIGN_IDENTITY[sdk=iphoneos*]" = "iPhone Developer";
				COPY_PHASE_STRIP = NO;
				GCC_C_LANGUAGE_STANDARD = gnu99;
				GCC_DYNAMIC_NO_PIC = NO;
				GCC_OPTIMIZATION_LEVEL = 0;
				GCC_PREPROCESSOR_DEFINITIONS = (
					"DEBUG=1",
					"$(inherited)",
				);
				GCC_SYMBOLS_PRIVATE_EXTERN = NO;
				GCC_WARN_ABOUT_RETURN_TYPE = YES;
				GCC_WARN_UNINITIALIZED_AUTOS = YES;
				GCC_WARN_UNUSED_VARIABLE = YES;
				IPHONEOS_DEPLOYMENT_TARGET = 6.0;
				ONLY_ACTIVE_ARCH = YES;
				SDKROOT = iphoneos;
			};
			name = Debug;
		};
		FD41042016B3F19E001E92C4 /* Release */ = {
			isa = XCBuildConfiguration;
			buildSettings = {
				ALWAYS_SEARCH_USER_PATHS = NO;
				CLANG_CXX_LANGUAGE_STANDARD = "gnu++0x";
				CLANG_CXX_LIBRARY = "libc++";
				CLANG_ENABLE_OBJC_ARC = YES;
				CLANG_WARN_EMPTY_BODY = YES;
				CLANG_WARN__DUPLICATE_METHOD_MATCH = YES;
				"CODE_SIGN_IDENTITY[sdk=iphoneos*]" = "iPhone Developer";
				COPY_PHASE_STRIP = YES;
				GCC_C_LANGUAGE_STANDARD = gnu99;
				GCC_WARN_ABOUT_RETURN_TYPE = YES;
				GCC_WARN_UNINITIALIZED_AUTOS = YES;
				GCC_WARN_UNUSED_VARIABLE = YES;
				IPHONEOS_DEPLOYMENT_TARGET = 6.0;
				OTHER_CFLAGS = "-DNS_BLOCK_ASSERTIONS=1";
				SDKROOT = iphoneos;
				VALIDATE_PRODUCT = YES;
			};
			name = Release;
		};
		FD41042216B3F19E001E92C4 /* Debug */ = {
			isa = XCBuildConfiguration;
			buildSettings = {
				GCC_PRECOMPILE_PREFIX_HEADER = YES;
				GCC_PREFIX_HEADER = "ProcedureLog/ProcedureLog-Prefix.pch";
				INFOPLIST_FILE = "ProcedureLog/ProcedureLog-Info.plist";
				PRODUCT_NAME = "$(TARGET_NAME)";
				WRAPPER_EXTENSION = app;
			};
			name = Debug;
		};
		FD41042316B3F19E001E92C4 /* Release */ = {
			isa = XCBuildConfiguration;
			buildSettings = {
				GCC_PRECOMPILE_PREFIX_HEADER = YES;
				GCC_PREFIX_HEADER = "ProcedureLog/ProcedureLog-Prefix.pch";
				INFOPLIST_FILE = "ProcedureLog/ProcedureLog-Info.plist";
				PRODUCT_NAME = "$(TARGET_NAME)";
				WRAPPER_EXTENSION = app;
			};
			name = Release;
		};
/* End XCBuildConfiguration section */

/* Begin XCConfigurationList section */
		FD4103EC16B3F19D001E92C4 /* Build configuration list for PBXProject "ProcedureLog" */ = {
			isa = XCConfigurationList;
			buildConfigurations = (
				FD41041F16B3F19E001E92C4 /* Debug */,
				FD41042016B3F19E001E92C4 /* Release */,
			);
			defaultConfigurationIsVisible = 0;
			defaultConfigurationName = Release;
		};
		FD41042116B3F19E001E92C4 /* Build configuration list for PBXNativeTarget "QuickLog" */ = {
			isa = XCConfigurationList;
			buildConfigurations = (
				FD41042216B3F19E001E92C4 /* Debug */,
				FD41042316B3F19E001E92C4 /* Release */,
			);
			defaultConfigurationIsVisible = 0;
			defaultConfigurationName = Release;
		};
/* End XCConfigurationList section */

/* Begin XCVersionGroup section */
		FD4104CA16B41FC1001E92C4 /* ProccedureLogDataModel.xcdatamodeld */ = {
			isa = XCVersionGroup;
			children = (
				FD4104CB16B41FC1001E92C4 /* ProccedureLogDataModel.xcdatamodel */,
			);
			currentVersion = FD4104CB16B41FC1001E92C4 /* ProccedureLogDataModel.xcdatamodel */;
			path = ProccedureLogDataModel.xcdatamodeld;
			sourceTree = "<group>";
			versionGroupType = wrapper.xcdatamodel;
		};
/* End XCVersionGroup section */
	};
	rootObject = FD4103E916B3F19D001E92C4 /* Project object */;
}
